// !$*UTF8*$!
{
	archiveVersion = 1;
	classes = {
	};
	objectVersion = 46;
	objects = {

/* Begin PBXBuildFile section */
		DC04279F1B2EF118008F3DDE /* libSEBLEInterface.a in Frameworks */ = {isa = PBXBuildFile; fileRef = DC04279C1B2EF073008F3DDE /* libSEBLEInterface.a */; };
		DC1A1AE51B2910E400AEC10B /* libMapbox.a in Frameworks */ = {isa = PBXBuildFile; fileRef = DC1A1AE21B2910DD00AEC10B /* libMapbox.a */; };
		DC1A1AE61B291CF000AEC10B /* Mapbox.bundle in Resources */ = {isa = PBXBuildFile; fileRef = DC1A1AE41B2910DD00AEC10B /* Mapbox.bundle */; };
		DC23872A1B30516600BB28F3 /* SLLockInfoViewController.m in Sources */ = {isa = PBXBuildFile; fileRef = DC2387291B30516600BB28F3 /* SLLockInfoViewController.m */; };
		DC23872D1B307CF300BB28F3 /* SLLockInfoViewHeader.m in Sources */ = {isa = PBXBuildFile; fileRef = DC23872C1B307CF300BB28F3 /* SLLockInfoViewHeader.m */; };
		DC43C7121B27E51E00CEA7CF /* CoreLocation.framework in Frameworks */ = {isa = PBXBuildFile; fileRef = DCD554401B27D65E0035B78C /* CoreLocation.framework */; };
		DC43C7131B27E52C00CEA7CF /* QuartzCore.framework in Frameworks */ = {isa = PBXBuildFile; fileRef = DCD554421B27D6650035B78C /* QuartzCore.framework */; };
		DC43C7151B27E5E100CEA7CF /* libsqlite3.dylib in Frameworks */ = {isa = PBXBuildFile; fileRef = DC43C7141B27E5E100CEA7CF /* libsqlite3.dylib */; };
		DC43C7171B27E5F900CEA7CF /* libz.dylib in Frameworks */ = {isa = PBXBuildFile; fileRef = DC43C7161B27E5F900CEA7CF /* libz.dylib */; };
		DC43C71D1B27E6E200CEA7CF /* SLSlideViewController.m in Sources */ = {isa = PBXBuildFile; fileRef = DC43C71C1B27E6E200CEA7CF /* SLSlideViewController.m */; };
		DC43C7201B2894B500CEA7CF /* SLLocationManager.m in Sources */ = {isa = PBXBuildFile; fileRef = DC43C71F1B2894B500CEA7CF /* SLLocationManager.m */; };
		DC61477A1B3233460077484B /* SLLock.m in Sources */ = {isa = PBXBuildFile; fileRef = DC6147791B3233460077484B /* SLLock.m */; };
		DC9EADCE1B349CC200DA1692 /* SLLockInfoMiddleView.m in Sources */ = {isa = PBXBuildFile; fileRef = DC9EADCD1B349CC200DA1692 /* SLLockInfoMiddleView.m */; };
		DCB754C81B33DEDA00457FC1 /* add-contact-button-small.png in Resources */ = {isa = PBXBuildFile; fileRef = DCB754771B33DEDA00457FC1 /* add-contact-button-small.png */; };
		DCB754C91B33DEDA00457FC1 /* add-contact-button-small@2x.png in Resources */ = {isa = PBXBuildFile; fileRef = DCB754781B33DEDA00457FC1 /* add-contact-button-small@2x.png */; };
		DCB754CA1B33DEDA00457FC1 /* add-contact-button-small@3x.png in Resources */ = {isa = PBXBuildFile; fileRef = DCB754791B33DEDA00457FC1 /* add-contact-button-small@3x.png */; };
		DCB754CB1B33DEDA00457FC1 /* add-contact-button.png in Resources */ = {isa = PBXBuildFile; fileRef = DCB7547A1B33DEDA00457FC1 /* add-contact-button.png */; };
		DCB754CC1B33DEDA00457FC1 /* add-contact-button@2x.png in Resources */ = {isa = PBXBuildFile; fileRef = DCB7547B1B33DEDA00457FC1 /* add-contact-button@2x.png */; };
		DCB754CD1B33DEDA00457FC1 /* add-contact-button@3x.png in Resources */ = {isa = PBXBuildFile; fileRef = DCB7547C1B33DEDA00457FC1 /* add-contact-button@3x.png */; };
		DCB754CE1B33DEDA00457FC1 /* add-icon.png in Resources */ = {isa = PBXBuildFile; fileRef = DCB7547D1B33DEDA00457FC1 /* add-icon.png */; };
		DCB754CF1B33DEDA00457FC1 /* add-icon@2x.png in Resources */ = {isa = PBXBuildFile; fileRef = DCB7547E1B33DEDA00457FC1 /* add-icon@2x.png */; };
		DCB754D01B33DEDA00457FC1 /* add-icon@3x.png in Resources */ = {isa = PBXBuildFile; fileRef = DCB7547F1B33DEDA00457FC1 /* add-icon@3x.png */; };
		DCB754D11B33DEDA00457FC1 /* arrow-down-more-small.png in Resources */ = {isa = PBXBuildFile; fileRef = DCB754801B33DEDA00457FC1 /* arrow-down-more-small.png */; };
		DCB754D21B33DEDA00457FC1 /* arrow-down-more-small@2x.png in Resources */ = {isa = PBXBuildFile; fileRef = DCB754811B33DEDA00457FC1 /* arrow-down-more-small@2x.png */; };
		DCB754D31B33DEDA00457FC1 /* arrow-down-more-small@3x.png in Resources */ = {isa = PBXBuildFile; fileRef = DCB754821B33DEDA00457FC1 /* arrow-down-more-small@3x.png */; };
		DCB754D41B33DEDA00457FC1 /* contact-checkmark-small.png in Resources */ = {isa = PBXBuildFile; fileRef = DCB754831B33DEDA00457FC1 /* contact-checkmark-small.png */; };
		DCB754D51B33DEDA00457FC1 /* contact-checkmark-small@2x.png in Resources */ = {isa = PBXBuildFile; fileRef = DCB754841B33DEDA00457FC1 /* contact-checkmark-small@2x.png */; };
		DCB754D61B33DEDA00457FC1 /* contact-checkmark-small@3x.png in Resources */ = {isa = PBXBuildFile; fileRef = DCB754851B33DEDA00457FC1 /* contact-checkmark-small@3x.png */; };
		DCB754D71B33DEDA00457FC1 /* crash-alert-active.png in Resources */ = {isa = PBXBuildFile; fileRef = DCB754861B33DEDA00457FC1 /* crash-alert-active.png */; };
		DCB754D81B33DEDA00457FC1 /* crash-alert-active@2x.png in Resources */ = {isa = PBXBuildFile; fileRef = DCB754871B33DEDA00457FC1 /* crash-alert-active@2x.png */; };
		DCB754D91B33DEDA00457FC1 /* crash-alert-active@3x.png in Resources */ = {isa = PBXBuildFile; fileRef = DCB754881B33DEDA00457FC1 /* crash-alert-active@3x.png */; };
		DCB754DA1B33DEDA00457FC1 /* crash-alert-inactive.png in Resources */ = {isa = PBXBuildFile; fileRef = DCB754891B33DEDA00457FC1 /* crash-alert-inactive.png */; };
		DCB754DB1B33DEDA00457FC1 /* crash-alert-inactive@2x.png in Resources */ = {isa = PBXBuildFile; fileRef = DCB7548A1B33DEDA00457FC1 /* crash-alert-inactive@2x.png */; };
		DCB754DC1B33DEDA00457FC1 /* crash-alert-inactive@3x.png in Resources */ = {isa = PBXBuildFile; fileRef = DCB7548B1B33DEDA00457FC1 /* crash-alert-inactive@3x.png */; };
		DCB754DD1B33DEDA00457FC1 /* gps-location-icon.png in Resources */ = {isa = PBXBuildFile; fileRef = DCB7548C1B33DEDA00457FC1 /* gps-location-icon.png */; };
		DCB754DE1B33DEDA00457FC1 /* gps-location-icon@2x.png in Resources */ = {isa = PBXBuildFile; fileRef = DCB7548D1B33DEDA00457FC1 /* gps-location-icon@2x.png */; };
		DCB754DF1B33DEDA00457FC1 /* gps-location-icon@3x.png in Resources */ = {isa = PBXBuildFile; fileRef = DCB7548E1B33DEDA00457FC1 /* gps-location-icon@3x.png */; };
		DCB754E01B33DEDA00457FC1 /* help-icon.png in Resources */ = {isa = PBXBuildFile; fileRef = DCB7548F1B33DEDA00457FC1 /* help-icon.png */; };
		DCB754E11B33DEDA00457FC1 /* help-icon@2x.png in Resources */ = {isa = PBXBuildFile; fileRef = DCB754901B33DEDA00457FC1 /* help-icon@2x.png */; };
		DCB754E21B33DEDA00457FC1 /* help-icon@3x.png in Resources */ = {isa = PBXBuildFile; fileRef = DCB754911B33DEDA00457FC1 /* help-icon@3x.png */; };
		DCB754E31B33DEDA00457FC1 /* left-back-arrow-button.png in Resources */ = {isa = PBXBuildFile; fileRef = DCB754921B33DEDA00457FC1 /* left-back-arrow-button.png */; };
		DCB754E41B33DEDA00457FC1 /* left-back-arrow-button@2x.png in Resources */ = {isa = PBXBuildFile; fileRef = DCB754931B33DEDA00457FC1 /* left-back-arrow-button@2x.png */; };
		DCB754E51B33DEDA00457FC1 /* left-back-arrow-button@3x.png in Resources */ = {isa = PBXBuildFile; fileRef = DCB754941B33DEDA00457FC1 /* left-back-arrow-button@3x.png */; };
		DCB754E61B33DEDA00457FC1 /* lock-active-icon.png in Resources */ = {isa = PBXBuildFile; fileRef = DCB754951B33DEDA00457FC1 /* lock-active-icon.png */; };
		DCB754E71B33DEDA00457FC1 /* lock-active-icon@2x.png in Resources */ = {isa = PBXBuildFile; fileRef = DCB754961B33DEDA00457FC1 /* lock-active-icon@2x.png */; };
		DCB754E81B33DEDA00457FC1 /* lock-active-icon@3x.png in Resources */ = {isa = PBXBuildFile; fileRef = DCB754971B33DEDA00457FC1 /* lock-active-icon@3x.png */; };
		DCB754E91B33DEDA00457FC1 /* lock-icon.png in Resources */ = {isa = PBXBuildFile; fileRef = DCB754981B33DEDA00457FC1 /* lock-icon.png */; };
		DCB754EA1B33DEDA00457FC1 /* lock-icon@2x.png in Resources */ = {isa = PBXBuildFile; fileRef = DCB754991B33DEDA00457FC1 /* lock-icon@2x.png */; };
		DCB754EB1B33DEDA00457FC1 /* lock-icon@3x.png in Resources */ = {isa = PBXBuildFile; fileRef = DCB7549A1B33DEDA00457FC1 /* lock-icon@3x.png */; };
		DCB754EC1B33DEDA00457FC1 /* marker-default.png in Resources */ = {isa = PBXBuildFile; fileRef = DCB7549B1B33DEDA00457FC1 /* marker-default.png */; };
		DCB754ED1B33DEDA00457FC1 /* marker-default@2x.png in Resources */ = {isa = PBXBuildFile; fileRef = DCB7549C1B33DEDA00457FC1 /* marker-default@2x.png */; };
		DCB754EE1B33DEDA00457FC1 /* marker-default@3x.png in Resources */ = {isa = PBXBuildFile; fileRef = DCB7549D1B33DEDA00457FC1 /* marker-default@3x.png */; };
		DCB754EF1B33DEDA00457FC1 /* menu-button.png in Resources */ = {isa = PBXBuildFile; fileRef = DCB7549E1B33DEDA00457FC1 /* menu-button.png */; };
		DCB754F01B33DEDA00457FC1 /* menu-button@2x.png in Resources */ = {isa = PBXBuildFile; fileRef = DCB7549F1B33DEDA00457FC1 /* menu-button@2x.png */; };
		DCB754F11B33DEDA00457FC1 /* menu-button@3x.png in Resources */ = {isa = PBXBuildFile; fileRef = DCB754A01B33DEDA00457FC1 /* menu-button@3x.png */; };
		DCB754F21B33DEDA00457FC1 /* pencil-button.png in Resources */ = {isa = PBXBuildFile; fileRef = DCB754A11B33DEDA00457FC1 /* pencil-button.png */; };
		DCB754F31B33DEDA00457FC1 /* pencil-button@2x.png in Resources */ = {isa = PBXBuildFile; fileRef = DCB754A21B33DEDA00457FC1 /* pencil-button@2x.png */; };
		DCB754F41B33DEDA00457FC1 /* pencil-button@3x.png in Resources */ = {isa = PBXBuildFile; fileRef = DCB754A31B33DEDA00457FC1 /* pencil-button@3x.png */; };
		DCB754F51B33DEDA00457FC1 /* reserve-button.png in Resources */ = {isa = PBXBuildFile; fileRef = DCB754A41B33DEDA00457FC1 /* reserve-button.png */; };
		DCB754F61B33DEDA00457FC1 /* reserve-button@2x.png in Resources */ = {isa = PBXBuildFile; fileRef = DCB754A51B33DEDA00457FC1 /* reserve-button@2x.png */; };
		DCB754F71B33DEDA00457FC1 /* reserve-button@3x.png in Resources */ = {isa = PBXBuildFile; fileRef = DCB754A61B33DEDA00457FC1 /* reserve-button@3x.png */; };
		DCB754F81B33DEDA00457FC1 /* right-arrow-button.png in Resources */ = {isa = PBXBuildFile; fileRef = DCB754A71B33DEDA00457FC1 /* right-arrow-button.png */; };
		DCB754F91B33DEDA00457FC1 /* right-arrow-button@2x.png in Resources */ = {isa = PBXBuildFile; fileRef = DCB754A81B33DEDA00457FC1 /* right-arrow-button@2x.png */; };
		DCB754FA1B33DEDA00457FC1 /* right-arrow-button@3x.png in Resources */ = {isa = PBXBuildFile; fileRef = DCB754A91B33DEDA00457FC1 /* right-arrow-button@3x.png */; };
		DCB754FB1B33DEDA00457FC1 /* security-alert-active.png in Resources */ = {isa = PBXBuildFile; fileRef = DCB754AA1B33DEDA00457FC1 /* security-alert-active.png */; };
		DCB754FC1B33DEDA00457FC1 /* security-alert-active@2x.png in Resources */ = {isa = PBXBuildFile; fileRef = DCB754AB1B33DEDA00457FC1 /* security-alert-active@2x.png */; };
		DCB754FD1B33DEDA00457FC1 /* security-alert-active@3x.png in Resources */ = {isa = PBXBuildFile; fileRef = DCB754AC1B33DEDA00457FC1 /* security-alert-active@3x.png */; };
		DCB754FE1B33DEDA00457FC1 /* security-alert-inactive.png in Resources */ = {isa = PBXBuildFile; fileRef = DCB754AD1B33DEDA00457FC1 /* security-alert-inactive.png */; };
		DCB754FF1B33DEDA00457FC1 /* security-alert-inactive@2x.png in Resources */ = {isa = PBXBuildFile; fileRef = DCB754AE1B33DEDA00457FC1 /* security-alert-inactive@2x.png */; };
		DCB755001B33DEDA00457FC1 /* security-alert-inactive@3x.png in Resources */ = {isa = PBXBuildFile; fileRef = DCB754AF1B33DEDA00457FC1 /* security-alert-inactive@3x.png */; };
		DCB755011B33DEDA00457FC1 /* send-button.png in Resources */ = {isa = PBXBuildFile; fileRef = DCB754B01B33DEDA00457FC1 /* send-button.png */; };
		DCB755021B33DEDA00457FC1 /* send-button@2x.png in Resources */ = {isa = PBXBuildFile; fileRef = DCB754B11B33DEDA00457FC1 /* send-button@2x.png */; };
		DCB755031B33DEDA00457FC1 /* send-button@3x.png in Resources */ = {isa = PBXBuildFile; fileRef = DCB754B21B33DEDA00457FC1 /* send-button@3x.png */; };
		DCB755041B33DEDA00457FC1 /* settings-icon.png in Resources */ = {isa = PBXBuildFile; fileRef = DCB754B31B33DEDA00457FC1 /* settings-icon.png */; };
		DCB755051B33DEDA00457FC1 /* settings-icon@2x.png in Resources */ = {isa = PBXBuildFile; fileRef = DCB754B41B33DEDA00457FC1 /* settings-icon@2x.png */; };
		DCB755061B33DEDA00457FC1 /* settings-icon@3x.png in Resources */ = {isa = PBXBuildFile; fileRef = DCB754B51B33DEDA00457FC1 /* settings-icon@3x.png */; };
		DCB755071B33DEDA00457FC1 /* share-icon.png in Resources */ = {isa = PBXBuildFile; fileRef = DCB754B61B33DEDA00457FC1 /* share-icon.png */; };
		DCB755081B33DEDA00457FC1 /* share-icon@2x.png in Resources */ = {isa = PBXBuildFile; fileRef = DCB754B71B33DEDA00457FC1 /* share-icon@2x.png */; };
		DCB755091B33DEDA00457FC1 /* share-icon@3x.png in Resources */ = {isa = PBXBuildFile; fileRef = DCB754B81B33DEDA00457FC1 /* share-icon@3x.png */; };
		DCB7550A1B33DEDA00457FC1 /* sharebike-icon.png in Resources */ = {isa = PBXBuildFile; fileRef = DCB754B91B33DEDA00457FC1 /* sharebike-icon.png */; };
		DCB7550B1B33DEDA00457FC1 /* sharebike-icon@2x.png in Resources */ = {isa = PBXBuildFile; fileRef = DCB754BA1B33DEDA00457FC1 /* sharebike-icon@2x.png */; };
		DCB7550C1B33DEDA00457FC1 /* sharebike-icon@3x.png in Resources */ = {isa = PBXBuildFile; fileRef = DCB754BB1B33DEDA00457FC1 /* sharebike-icon@3x.png */; };
		DCB7550D1B33DEDA00457FC1 /* sharing-active.png in Resources */ = {isa = PBXBuildFile; fileRef = DCB754BC1B33DEDA00457FC1 /* sharing-active.png */; };
		DCB7550E1B33DEDA00457FC1 /* sharing-active@2x.png in Resources */ = {isa = PBXBuildFile; fileRef = DCB754BD1B33DEDA00457FC1 /* sharing-active@2x.png */; };
		DCB7550F1B33DEDA00457FC1 /* sharing-active@3x.png in Resources */ = {isa = PBXBuildFile; fileRef = DCB754BE1B33DEDA00457FC1 /* sharing-active@3x.png */; };
		DCB755101B33DEDA00457FC1 /* sharing-inactive.png in Resources */ = {isa = PBXBuildFile; fileRef = DCB754BF1B33DEDA00457FC1 /* sharing-inactive.png */; };
		DCB755111B33DEDA00457FC1 /* sharing-inactive@2x.png in Resources */ = {isa = PBXBuildFile; fileRef = DCB754C01B33DEDA00457FC1 /* sharing-inactive@2x.png */; };
		DCB755121B33DEDA00457FC1 /* sharing-inactive@3x.png in Resources */ = {isa = PBXBuildFile; fileRef = DCB754C11B33DEDA00457FC1 /* sharing-inactive@3x.png */; };
		DCB755131B33DEDA00457FC1 /* unlocked-active-icon.png in Resources */ = {isa = PBXBuildFile; fileRef = DCB754C21B33DEDA00457FC1 /* unlocked-active-icon.png */; };
		DCB755141B33DEDA00457FC1 /* unlocked-active-icon@2x.png in Resources */ = {isa = PBXBuildFile; fileRef = DCB754C31B33DEDA00457FC1 /* unlocked-active-icon@2x.png */; };
		DCB755151B33DEDA00457FC1 /* unlocked-active-icon@3x.png in Resources */ = {isa = PBXBuildFile; fileRef = DCB754C41B33DEDA00457FC1 /* unlocked-active-icon@3x.png */; };
		DCB755161B33DEDA00457FC1 /* unlocked-icon.png in Resources */ = {isa = PBXBuildFile; fileRef = DCB754C51B33DEDA00457FC1 /* unlocked-icon.png */; };
		DCB755171B33DEDA00457FC1 /* unlocked-icon@2x.png in Resources */ = {isa = PBXBuildFile; fileRef = DCB754C61B33DEDA00457FC1 /* unlocked-icon@2x.png */; };
		DCB755181B33DEDA00457FC1 /* unlocked-icon@3x.png in Resources */ = {isa = PBXBuildFile; fileRef = DCB754C71B33DEDA00457FC1 /* unlocked-icon@3x.png */; };
		DCD82FDB1B1FCBBC00B38910 /* main.m in Sources */ = {isa = PBXBuildFile; fileRef = DCD82FDA1B1FCBBC00B38910 /* main.m */; };
		DCD82FDE1B1FCBBC00B38910 /* AppDelegate.m in Sources */ = {isa = PBXBuildFile; fileRef = DCD82FDD1B1FCBBC00B38910 /* AppDelegate.m */; };
		DCD82FE11B1FCBBC00B38910 /* Skylock.xcdatamodeld in Sources */ = {isa = PBXBuildFile; fileRef = DCD82FDF1B1FCBBC00B38910 /* Skylock.xcdatamodeld */; };
		DCD82FE41B1FCBBC00B38910 /* ViewController.m in Sources */ = {isa = PBXBuildFile; fileRef = DCD82FE31B1FCBBC00B38910 /* ViewController.m */; };
		DCD82FE71B1FCBBC00B38910 /* Main.storyboard in Resources */ = {isa = PBXBuildFile; fileRef = DCD82FE51B1FCBBC00B38910 /* Main.storyboard */; };
		DCD82FE91B1FCBBC00B38910 /* Images.xcassets in Resources */ = {isa = PBXBuildFile; fileRef = DCD82FE81B1FCBBC00B38910 /* Images.xcassets */; };
		DCD82FEC1B1FCBBC00B38910 /* LaunchScreen.xib in Resources */ = {isa = PBXBuildFile; fileRef = DCD82FEA1B1FCBBC00B38910 /* LaunchScreen.xib */; };
		DCD82FF81B1FCBBC00B38910 /* SkylockTests.m in Sources */ = {isa = PBXBuildFile; fileRef = DCD82FF71B1FCBBC00B38910 /* SkylockTests.m */; };
		DCF945011B29CC2E00136E39 /* SLRestManager.m in Sources */ = {isa = PBXBuildFile; fileRef = DCF945001B29CC2E00136E39 /* SLRestManager.m */; };
/* End PBXBuildFile section */

/* Begin PBXContainerItemProxy section */
		DC04279B1B2EF073008F3DDE /* PBXContainerItemProxy */ = {
			isa = PBXContainerItemProxy;
			containerPortal = DC0427961B2EF073008F3DDE /* SEBLEInterface.xcodeproj */;
			proxyType = 2;
			remoteGlobalIDString = DC0427631B2DBC4F008F3DDE;
			remoteInfo = SEBLEInterface;
		};
		DC04279D1B2EF073008F3DDE /* PBXContainerItemProxy */ = {
			isa = PBXContainerItemProxy;
			containerPortal = DC0427961B2EF073008F3DDE /* SEBLEInterface.xcodeproj */;
			proxyType = 2;
			remoteGlobalIDString = DC04276E1B2DBC4F008F3DDE;
			remoteInfo = SEBLEInterfaceTests;
		};
		DC1A1AE11B2910DD00AEC10B /* PBXContainerItemProxy */ = {
			isa = PBXContainerItemProxy;
			containerPortal = DC1A1ADC1B2910DC00AEC10B /* MapView.xcodeproj */;
			proxyType = 2;
			remoteGlobalIDString = 17F31EFA1331050A00122B16;
			remoteInfo = MapView;
		};
		DC1A1AE31B2910DD00AEC10B /* PBXContainerItemProxy */ = {
			isa = PBXContainerItemProxy;
			containerPortal = DC1A1ADC1B2910DC00AEC10B /* MapView.xcodeproj */;
			proxyType = 2;
			remoteGlobalIDString = DD6A83751644A20C0097F31F;
			remoteInfo = Resources;
		};
		DCD82FF21B1FCBBC00B38910 /* PBXContainerItemProxy */ = {
			isa = PBXContainerItemProxy;
			containerPortal = DCD82FCD1B1FCBBC00B38910 /* Project object */;
			proxyType = 1;
			remoteGlobalIDString = DCD82FD41B1FCBBC00B38910;
			remoteInfo = Skylock;
		};
		DCE283241B2EFA2300864527 /* PBXContainerItemProxy */ = {
			isa = PBXContainerItemProxy;
			containerPortal = DC0427961B2EF073008F3DDE /* SEBLEInterface.xcodeproj */;
			proxyType = 1;
			remoteGlobalIDString = DC0427621B2DBC4F008F3DDE;
			remoteInfo = SEBLEInterface;
		};
/* End PBXContainerItemProxy section */

/* Begin PBXFileReference section */
		DC0427961B2EF073008F3DDE /* SEBLEInterface.xcodeproj */ = {isa = PBXFileReference; lastKnownFileType = "wrapper.pb-project"; name = SEBLEInterface.xcodeproj; path = SEBLEInterface/SEBLEInterface/SEBLEInterface.xcodeproj; sourceTree = "<group>"; };
		DC1A1ADC1B2910DC00AEC10B /* MapView.xcodeproj */ = {isa = PBXFileReference; lastKnownFileType = "wrapper.pb-project"; name = MapView.xcodeproj; path = "mapbox-ios-sdk/MapView/MapView.xcodeproj"; sourceTree = "<group>"; };
		DC2387241B304EC500BB28F3 /* SLConstants.h */ = {isa = PBXFileReference; lastKnownFileType = sourcecode.c.h; path = SLConstants.h; sourceTree = "<group>"; };
		DC2387281B30516600BB28F3 /* SLLockInfoViewController.h */ = {isa = PBXFileReference; fileEncoding = 4; lastKnownFileType = sourcecode.c.h; path = SLLockInfoViewController.h; sourceTree = "<group>"; };
		DC2387291B30516600BB28F3 /* SLLockInfoViewController.m */ = {isa = PBXFileReference; fileEncoding = 4; lastKnownFileType = sourcecode.c.objc; path = SLLockInfoViewController.m; sourceTree = "<group>"; };
		DC23872B1B307CF300BB28F3 /* SLLockInfoViewHeader.h */ = {isa = PBXFileReference; fileEncoding = 4; lastKnownFileType = sourcecode.c.h; path = SLLockInfoViewHeader.h; sourceTree = "<group>"; };
		DC23872C1B307CF300BB28F3 /* SLLockInfoViewHeader.m */ = {isa = PBXFileReference; fileEncoding = 4; lastKnownFileType = sourcecode.c.objc; path = SLLockInfoViewHeader.m; sourceTree = "<group>"; };
		DC43C7141B27E5E100CEA7CF /* libsqlite3.dylib */ = {isa = PBXFileReference; lastKnownFileType = "compiled.mach-o.dylib"; name = libsqlite3.dylib; path = usr/lib/libsqlite3.dylib; sourceTree = SDKROOT; };
		DC43C7161B27E5F900CEA7CF /* libz.dylib */ = {isa = PBXFileReference; lastKnownFileType = "compiled.mach-o.dylib"; name = libz.dylib; path = usr/lib/libz.dylib; sourceTree = SDKROOT; };
		DC43C71B1B27E6E200CEA7CF /* SLSlideViewController.h */ = {isa = PBXFileReference; fileEncoding = 4; lastKnownFileType = sourcecode.c.h; path = SLSlideViewController.h; sourceTree = "<group>"; };
		DC43C71C1B27E6E200CEA7CF /* SLSlideViewController.m */ = {isa = PBXFileReference; fileEncoding = 4; lastKnownFileType = sourcecode.c.objc; path = SLSlideViewController.m; sourceTree = "<group>"; };
		DC43C71E1B2894B500CEA7CF /* SLLocationManager.h */ = {isa = PBXFileReference; fileEncoding = 4; lastKnownFileType = sourcecode.c.h; path = SLLocationManager.h; sourceTree = "<group>"; };
		DC43C71F1B2894B500CEA7CF /* SLLocationManager.m */ = {isa = PBXFileReference; fileEncoding = 4; lastKnownFileType = sourcecode.c.objc; path = SLLocationManager.m; sourceTree = "<group>"; };
		DC6147781B3233460077484B /* SLLock.h */ = {isa = PBXFileReference; fileEncoding = 4; lastKnownFileType = sourcecode.c.h; path = SLLock.h; sourceTree = "<group>"; };
		DC6147791B3233460077484B /* SLLock.m */ = {isa = PBXFileReference; fileEncoding = 4; lastKnownFileType = sourcecode.c.objc; path = SLLock.m; sourceTree = "<group>"; };
		DC61477E1B32801E0077484B /* CoreGraphics.framework */ = {isa = PBXFileReference; lastKnownFileType = wrapper.framework; name = CoreGraphics.framework; path = System/Library/Frameworks/CoreGraphics.framework; sourceTree = SDKROOT; };
		DC9EADCC1B349CC200DA1692 /* SLLockInfoMiddleView.h */ = {isa = PBXFileReference; fileEncoding = 4; lastKnownFileType = sourcecode.c.h; path = SLLockInfoMiddleView.h; sourceTree = "<group>"; };
		DC9EADCD1B349CC200DA1692 /* SLLockInfoMiddleView.m */ = {isa = PBXFileReference; fileEncoding = 4; lastKnownFileType = sourcecode.c.objc; path = SLLockInfoMiddleView.m; sourceTree = "<group>"; };
		DCB754771B33DEDA00457FC1 /* add-contact-button-small.png */ = {isa = PBXFileReference; lastKnownFileType = image.png; path = "add-contact-button-small.png"; sourceTree = "<group>"; };
		DCB754781B33DEDA00457FC1 /* add-contact-button-small@2x.png */ = {isa = PBXFileReference; lastKnownFileType = image.png; path = "add-contact-button-small@2x.png"; sourceTree = "<group>"; };
		DCB754791B33DEDA00457FC1 /* add-contact-button-small@3x.png */ = {isa = PBXFileReference; lastKnownFileType = image.png; path = "add-contact-button-small@3x.png"; sourceTree = "<group>"; };
		DCB7547A1B33DEDA00457FC1 /* add-contact-button.png */ = {isa = PBXFileReference; lastKnownFileType = image.png; path = "add-contact-button.png"; sourceTree = "<group>"; };
		DCB7547B1B33DEDA00457FC1 /* add-contact-button@2x.png */ = {isa = PBXFileReference; lastKnownFileType = image.png; path = "add-contact-button@2x.png"; sourceTree = "<group>"; };
		DCB7547C1B33DEDA00457FC1 /* add-contact-button@3x.png */ = {isa = PBXFileReference; lastKnownFileType = image.png; path = "add-contact-button@3x.png"; sourceTree = "<group>"; };
		DCB7547D1B33DEDA00457FC1 /* add-icon.png */ = {isa = PBXFileReference; lastKnownFileType = image.png; path = "add-icon.png"; sourceTree = "<group>"; };
		DCB7547E1B33DEDA00457FC1 /* add-icon@2x.png */ = {isa = PBXFileReference; lastKnownFileType = image.png; path = "add-icon@2x.png"; sourceTree = "<group>"; };
		DCB7547F1B33DEDA00457FC1 /* add-icon@3x.png */ = {isa = PBXFileReference; lastKnownFileType = image.png; path = "add-icon@3x.png"; sourceTree = "<group>"; };
		DCB754801B33DEDA00457FC1 /* arrow-down-more-small.png */ = {isa = PBXFileReference; lastKnownFileType = image.png; path = "arrow-down-more-small.png"; sourceTree = "<group>"; };
		DCB754811B33DEDA00457FC1 /* arrow-down-more-small@2x.png */ = {isa = PBXFileReference; lastKnownFileType = image.png; path = "arrow-down-more-small@2x.png"; sourceTree = "<group>"; };
		DCB754821B33DEDA00457FC1 /* arrow-down-more-small@3x.png */ = {isa = PBXFileReference; lastKnownFileType = image.png; path = "arrow-down-more-small@3x.png"; sourceTree = "<group>"; };
		DCB754831B33DEDA00457FC1 /* contact-checkmark-small.png */ = {isa = PBXFileReference; lastKnownFileType = image.png; path = "contact-checkmark-small.png"; sourceTree = "<group>"; };
		DCB754841B33DEDA00457FC1 /* contact-checkmark-small@2x.png */ = {isa = PBXFileReference; lastKnownFileType = image.png; path = "contact-checkmark-small@2x.png"; sourceTree = "<group>"; };
		DCB754851B33DEDA00457FC1 /* contact-checkmark-small@3x.png */ = {isa = PBXFileReference; lastKnownFileType = image.png; path = "contact-checkmark-small@3x.png"; sourceTree = "<group>"; };
		DCB754861B33DEDA00457FC1 /* crash-alert-active.png */ = {isa = PBXFileReference; lastKnownFileType = image.png; path = "crash-alert-active.png"; sourceTree = "<group>"; };
		DCB754871B33DEDA00457FC1 /* crash-alert-active@2x.png */ = {isa = PBXFileReference; lastKnownFileType = image.png; path = "crash-alert-active@2x.png"; sourceTree = "<group>"; };
		DCB754881B33DEDA00457FC1 /* crash-alert-active@3x.png */ = {isa = PBXFileReference; lastKnownFileType = image.png; path = "crash-alert-active@3x.png"; sourceTree = "<group>"; };
		DCB754891B33DEDA00457FC1 /* crash-alert-inactive.png */ = {isa = PBXFileReference; lastKnownFileType = image.png; path = "crash-alert-inactive.png"; sourceTree = "<group>"; };
		DCB7548A1B33DEDA00457FC1 /* crash-alert-inactive@2x.png */ = {isa = PBXFileReference; lastKnownFileType = image.png; path = "crash-alert-inactive@2x.png"; sourceTree = "<group>"; };
		DCB7548B1B33DEDA00457FC1 /* crash-alert-inactive@3x.png */ = {isa = PBXFileReference; lastKnownFileType = image.png; path = "crash-alert-inactive@3x.png"; sourceTree = "<group>"; };
		DCB7548C1B33DEDA00457FC1 /* gps-location-icon.png */ = {isa = PBXFileReference; lastKnownFileType = image.png; path = "gps-location-icon.png"; sourceTree = "<group>"; };
		DCB7548D1B33DEDA00457FC1 /* gps-location-icon@2x.png */ = {isa = PBXFileReference; lastKnownFileType = image.png; path = "gps-location-icon@2x.png"; sourceTree = "<group>"; };
		DCB7548E1B33DEDA00457FC1 /* gps-location-icon@3x.png */ = {isa = PBXFileReference; lastKnownFileType = image.png; path = "gps-location-icon@3x.png"; sourceTree = "<group>"; };
		DCB7548F1B33DEDA00457FC1 /* help-icon.png */ = {isa = PBXFileReference; lastKnownFileType = image.png; path = "help-icon.png"; sourceTree = "<group>"; };
		DCB754901B33DEDA00457FC1 /* help-icon@2x.png */ = {isa = PBXFileReference; lastKnownFileType = image.png; path = "help-icon@2x.png"; sourceTree = "<group>"; };
		DCB754911B33DEDA00457FC1 /* help-icon@3x.png */ = {isa = PBXFileReference; lastKnownFileType = image.png; path = "help-icon@3x.png"; sourceTree = "<group>"; };
		DCB754921B33DEDA00457FC1 /* left-back-arrow-button.png */ = {isa = PBXFileReference; lastKnownFileType = image.png; path = "left-back-arrow-button.png"; sourceTree = "<group>"; };
		DCB754931B33DEDA00457FC1 /* left-back-arrow-button@2x.png */ = {isa = PBXFileReference; lastKnownFileType = image.png; path = "left-back-arrow-button@2x.png"; sourceTree = "<group>"; };
		DCB754941B33DEDA00457FC1 /* left-back-arrow-button@3x.png */ = {isa = PBXFileReference; lastKnownFileType = image.png; path = "left-back-arrow-button@3x.png"; sourceTree = "<group>"; };
		DCB754951B33DEDA00457FC1 /* lock-active-icon.png */ = {isa = PBXFileReference; lastKnownFileType = image.png; path = "lock-active-icon.png"; sourceTree = "<group>"; };
		DCB754961B33DEDA00457FC1 /* lock-active-icon@2x.png */ = {isa = PBXFileReference; lastKnownFileType = image.png; path = "lock-active-icon@2x.png"; sourceTree = "<group>"; };
		DCB754971B33DEDA00457FC1 /* lock-active-icon@3x.png */ = {isa = PBXFileReference; lastKnownFileType = image.png; path = "lock-active-icon@3x.png"; sourceTree = "<group>"; };
		DCB754981B33DEDA00457FC1 /* lock-icon.png */ = {isa = PBXFileReference; lastKnownFileType = image.png; path = "lock-icon.png"; sourceTree = "<group>"; };
		DCB754991B33DEDA00457FC1 /* lock-icon@2x.png */ = {isa = PBXFileReference; lastKnownFileType = image.png; path = "lock-icon@2x.png"; sourceTree = "<group>"; };
		DCB7549A1B33DEDA00457FC1 /* lock-icon@3x.png */ = {isa = PBXFileReference; lastKnownFileType = image.png; path = "lock-icon@3x.png"; sourceTree = "<group>"; };
		DCB7549B1B33DEDA00457FC1 /* marker-default.png */ = {isa = PBXFileReference; lastKnownFileType = image.png; path = "marker-default.png"; sourceTree = "<group>"; };
		DCB7549C1B33DEDA00457FC1 /* marker-default@2x.png */ = {isa = PBXFileReference; lastKnownFileType = image.png; path = "marker-default@2x.png"; sourceTree = "<group>"; };
		DCB7549D1B33DEDA00457FC1 /* marker-default@3x.png */ = {isa = PBXFileReference; lastKnownFileType = image.png; path = "marker-default@3x.png"; sourceTree = "<group>"; };
		DCB7549E1B33DEDA00457FC1 /* menu-button.png */ = {isa = PBXFileReference; lastKnownFileType = image.png; path = "menu-button.png"; sourceTree = "<group>"; };
		DCB7549F1B33DEDA00457FC1 /* menu-button@2x.png */ = {isa = PBXFileReference; lastKnownFileType = image.png; path = "menu-button@2x.png"; sourceTree = "<group>"; };
		DCB754A01B33DEDA00457FC1 /* menu-button@3x.png */ = {isa = PBXFileReference; lastKnownFileType = image.png; path = "menu-button@3x.png"; sourceTree = "<group>"; };
		DCB754A11B33DEDA00457FC1 /* pencil-button.png */ = {isa = PBXFileReference; lastKnownFileType = image.png; path = "pencil-button.png"; sourceTree = "<group>"; };
		DCB754A21B33DEDA00457FC1 /* pencil-button@2x.png */ = {isa = PBXFileReference; lastKnownFileType = image.png; path = "pencil-button@2x.png"; sourceTree = "<group>"; };
		DCB754A31B33DEDA00457FC1 /* pencil-button@3x.png */ = {isa = PBXFileReference; lastKnownFileType = image.png; path = "pencil-button@3x.png"; sourceTree = "<group>"; };
		DCB754A41B33DEDA00457FC1 /* reserve-button.png */ = {isa = PBXFileReference; lastKnownFileType = image.png; path = "reserve-button.png"; sourceTree = "<group>"; };
		DCB754A51B33DEDA00457FC1 /* reserve-button@2x.png */ = {isa = PBXFileReference; lastKnownFileType = image.png; path = "reserve-button@2x.png"; sourceTree = "<group>"; };
		DCB754A61B33DEDA00457FC1 /* reserve-button@3x.png */ = {isa = PBXFileReference; lastKnownFileType = image.png; path = "reserve-button@3x.png"; sourceTree = "<group>"; };
		DCB754A71B33DEDA00457FC1 /* right-arrow-button.png */ = {isa = PBXFileReference; lastKnownFileType = image.png; path = "right-arrow-button.png"; sourceTree = "<group>"; };
		DCB754A81B33DEDA00457FC1 /* right-arrow-button@2x.png */ = {isa = PBXFileReference; lastKnownFileType = image.png; path = "right-arrow-button@2x.png"; sourceTree = "<group>"; };
		DCB754A91B33DEDA00457FC1 /* right-arrow-button@3x.png */ = {isa = PBXFileReference; lastKnownFileType = image.png; path = "right-arrow-button@3x.png"; sourceTree = "<group>"; };
		DCB754AA1B33DEDA00457FC1 /* security-alert-active.png */ = {isa = PBXFileReference; lastKnownFileType = image.png; path = "security-alert-active.png"; sourceTree = "<group>"; };
		DCB754AB1B33DEDA00457FC1 /* security-alert-active@2x.png */ = {isa = PBXFileReference; lastKnownFileType = image.png; path = "security-alert-active@2x.png"; sourceTree = "<group>"; };
		DCB754AC1B33DEDA00457FC1 /* security-alert-active@3x.png */ = {isa = PBXFileReference; lastKnownFileType = image.png; path = "security-alert-active@3x.png"; sourceTree = "<group>"; };
		DCB754AD1B33DEDA00457FC1 /* security-alert-inactive.png */ = {isa = PBXFileReference; lastKnownFileType = image.png; path = "security-alert-inactive.png"; sourceTree = "<group>"; };
		DCB754AE1B33DEDA00457FC1 /* security-alert-inactive@2x.png */ = {isa = PBXFileReference; lastKnownFileType = image.png; path = "security-alert-inactive@2x.png"; sourceTree = "<group>"; };
		DCB754AF1B33DEDA00457FC1 /* security-alert-inactive@3x.png */ = {isa = PBXFileReference; lastKnownFileType = image.png; path = "security-alert-inactive@3x.png"; sourceTree = "<group>"; };
		DCB754B01B33DEDA00457FC1 /* send-button.png */ = {isa = PBXFileReference; lastKnownFileType = image.png; path = "send-button.png"; sourceTree = "<group>"; };
		DCB754B11B33DEDA00457FC1 /* send-button@2x.png */ = {isa = PBXFileReference; lastKnownFileType = image.png; path = "send-button@2x.png"; sourceTree = "<group>"; };
		DCB754B21B33DEDA00457FC1 /* send-button@3x.png */ = {isa = PBXFileReference; lastKnownFileType = image.png; path = "send-button@3x.png"; sourceTree = "<group>"; };
		DCB754B31B33DEDA00457FC1 /* settings-icon.png */ = {isa = PBXFileReference; lastKnownFileType = image.png; path = "settings-icon.png"; sourceTree = "<group>"; };
		DCB754B41B33DEDA00457FC1 /* settings-icon@2x.png */ = {isa = PBXFileReference; lastKnownFileType = image.png; path = "settings-icon@2x.png"; sourceTree = "<group>"; };
		DCB754B51B33DEDA00457FC1 /* settings-icon@3x.png */ = {isa = PBXFileReference; lastKnownFileType = image.png; path = "settings-icon@3x.png"; sourceTree = "<group>"; };
		DCB754B61B33DEDA00457FC1 /* share-icon.png */ = {isa = PBXFileReference; lastKnownFileType = image.png; path = "share-icon.png"; sourceTree = "<group>"; };
		DCB754B71B33DEDA00457FC1 /* share-icon@2x.png */ = {isa = PBXFileReference; lastKnownFileType = image.png; path = "share-icon@2x.png"; sourceTree = "<group>"; };
		DCB754B81B33DEDA00457FC1 /* share-icon@3x.png */ = {isa = PBXFileReference; lastKnownFileType = image.png; path = "share-icon@3x.png"; sourceTree = "<group>"; };
		DCB754B91B33DEDA00457FC1 /* sharebike-icon.png */ = {isa = PBXFileReference; lastKnownFileType = image.png; path = "sharebike-icon.png"; sourceTree = "<group>"; };
		DCB754BA1B33DEDA00457FC1 /* sharebike-icon@2x.png */ = {isa = PBXFileReference; lastKnownFileType = image.png; path = "sharebike-icon@2x.png"; sourceTree = "<group>"; };
		DCB754BB1B33DEDA00457FC1 /* sharebike-icon@3x.png */ = {isa = PBXFileReference; lastKnownFileType = image.png; path = "sharebike-icon@3x.png"; sourceTree = "<group>"; };
		DCB754BC1B33DEDA00457FC1 /* sharing-active.png */ = {isa = PBXFileReference; lastKnownFileType = image.png; path = "sharing-active.png"; sourceTree = "<group>"; };
		DCB754BD1B33DEDA00457FC1 /* sharing-active@2x.png */ = {isa = PBXFileReference; lastKnownFileType = image.png; path = "sharing-active@2x.png"; sourceTree = "<group>"; };
		DCB754BE1B33DEDA00457FC1 /* sharing-active@3x.png */ = {isa = PBXFileReference; lastKnownFileType = image.png; path = "sharing-active@3x.png"; sourceTree = "<group>"; };
		DCB754BF1B33DEDA00457FC1 /* sharing-inactive.png */ = {isa = PBXFileReference; lastKnownFileType = image.png; path = "sharing-inactive.png"; sourceTree = "<group>"; };
		DCB754C01B33DEDA00457FC1 /* sharing-inactive@2x.png */ = {isa = PBXFileReference; lastKnownFileType = image.png; path = "sharing-inactive@2x.png"; sourceTree = "<group>"; };
		DCB754C11B33DEDA00457FC1 /* sharing-inactive@3x.png */ = {isa = PBXFileReference; lastKnownFileType = image.png; path = "sharing-inactive@3x.png"; sourceTree = "<group>"; };
		DCB754C21B33DEDA00457FC1 /* unlocked-active-icon.png */ = {isa = PBXFileReference; lastKnownFileType = image.png; path = "unlocked-active-icon.png"; sourceTree = "<group>"; };
		DCB754C31B33DEDA00457FC1 /* unlocked-active-icon@2x.png */ = {isa = PBXFileReference; lastKnownFileType = image.png; path = "unlocked-active-icon@2x.png"; sourceTree = "<group>"; };
		DCB754C41B33DEDA00457FC1 /* unlocked-active-icon@3x.png */ = {isa = PBXFileReference; lastKnownFileType = image.png; path = "unlocked-active-icon@3x.png"; sourceTree = "<group>"; };
		DCB754C51B33DEDA00457FC1 /* unlocked-icon.png */ = {isa = PBXFileReference; lastKnownFileType = image.png; path = "unlocked-icon.png"; sourceTree = "<group>"; };
		DCB754C61B33DEDA00457FC1 /* unlocked-icon@2x.png */ = {isa = PBXFileReference; lastKnownFileType = image.png; path = "unlocked-icon@2x.png"; sourceTree = "<group>"; };
		DCB754C71B33DEDA00457FC1 /* unlocked-icon@3x.png */ = {isa = PBXFileReference; lastKnownFileType = image.png; path = "unlocked-icon@3x.png"; sourceTree = "<group>"; };
		DCD554401B27D65E0035B78C /* CoreLocation.framework */ = {isa = PBXFileReference; lastKnownFileType = wrapper.framework; name = CoreLocation.framework; path = System/Library/Frameworks/CoreLocation.framework; sourceTree = SDKROOT; };
		DCD554421B27D6650035B78C /* QuartzCore.framework */ = {isa = PBXFileReference; lastKnownFileType = wrapper.framework; name = QuartzCore.framework; path = System/Library/Frameworks/QuartzCore.framework; sourceTree = SDKROOT; };
		DCD82FD51B1FCBBC00B38910 /* Skylock.app */ = {isa = PBXFileReference; explicitFileType = wrapper.application; includeInIndex = 0; path = Skylock.app; sourceTree = BUILT_PRODUCTS_DIR; };
		DCD82FD91B1FCBBC00B38910 /* Info.plist */ = {isa = PBXFileReference; lastKnownFileType = text.plist.xml; path = Info.plist; sourceTree = "<group>"; };
		DCD82FDA1B1FCBBC00B38910 /* main.m */ = {isa = PBXFileReference; lastKnownFileType = sourcecode.c.objc; path = main.m; sourceTree = "<group>"; };
		DCD82FDC1B1FCBBC00B38910 /* AppDelegate.h */ = {isa = PBXFileReference; lastKnownFileType = sourcecode.c.h; path = AppDelegate.h; sourceTree = "<group>"; };
		DCD82FDD1B1FCBBC00B38910 /* AppDelegate.m */ = {isa = PBXFileReference; lastKnownFileType = sourcecode.c.objc; path = AppDelegate.m; sourceTree = "<group>"; };
		DCD82FE01B1FCBBC00B38910 /* Skylock.xcdatamodel */ = {isa = PBXFileReference; lastKnownFileType = wrapper.xcdatamodel; path = Skylock.xcdatamodel; sourceTree = "<group>"; };
		DCD82FE21B1FCBBC00B38910 /* ViewController.h */ = {isa = PBXFileReference; lastKnownFileType = sourcecode.c.h; path = ViewController.h; sourceTree = "<group>"; };
		DCD82FE31B1FCBBC00B38910 /* ViewController.m */ = {isa = PBXFileReference; lastKnownFileType = sourcecode.c.objc; path = ViewController.m; sourceTree = "<group>"; };
		DCD82FE61B1FCBBC00B38910 /* Base */ = {isa = PBXFileReference; lastKnownFileType = file.storyboard; name = Base; path = Base.lproj/Main.storyboard; sourceTree = "<group>"; };
		DCD82FE81B1FCBBC00B38910 /* Images.xcassets */ = {isa = PBXFileReference; lastKnownFileType = folder.assetcatalog; path = Images.xcassets; sourceTree = "<group>"; };
		DCD82FEB1B1FCBBC00B38910 /* Base */ = {isa = PBXFileReference; lastKnownFileType = file.xib; name = Base; path = Base.lproj/LaunchScreen.xib; sourceTree = "<group>"; };
		DCD82FF11B1FCBBC00B38910 /* SkylockTests.xctest */ = {isa = PBXFileReference; explicitFileType = wrapper.cfbundle; includeInIndex = 0; path = SkylockTests.xctest; sourceTree = BUILT_PRODUCTS_DIR; };
		DCD82FF61B1FCBBC00B38910 /* Info.plist */ = {isa = PBXFileReference; lastKnownFileType = text.plist.xml; path = Info.plist; sourceTree = "<group>"; };
		DCD82FF71B1FCBBC00B38910 /* SkylockTests.m */ = {isa = PBXFileReference; lastKnownFileType = sourcecode.c.objc; path = SkylockTests.m; sourceTree = "<group>"; };
		DCF944FF1B29CC2E00136E39 /* SLRestManager.h */ = {isa = PBXFileReference; fileEncoding = 4; lastKnownFileType = sourcecode.c.h; path = SLRestManager.h; sourceTree = "<group>"; };
		DCF945001B29CC2E00136E39 /* SLRestManager.m */ = {isa = PBXFileReference; fileEncoding = 4; lastKnownFileType = sourcecode.c.objc; path = SLRestManager.m; sourceTree = "<group>"; };
/* End PBXFileReference section */

/* Begin PBXFrameworksBuildPhase section */
		DCD82FD21B1FCBBC00B38910 /* Frameworks */ = {
			isa = PBXFrameworksBuildPhase;
			buildActionMask = 2147483647;
			files = (
				DC04279F1B2EF118008F3DDE /* libSEBLEInterface.a in Frameworks */,
				DC1A1AE51B2910E400AEC10B /* libMapbox.a in Frameworks */,
				DC43C7171B27E5F900CEA7CF /* libz.dylib in Frameworks */,
				DC43C7151B27E5E100CEA7CF /* libsqlite3.dylib in Frameworks */,
				DC43C7131B27E52C00CEA7CF /* QuartzCore.framework in Frameworks */,
				DC43C7121B27E51E00CEA7CF /* CoreLocation.framework in Frameworks */,
			);
			runOnlyForDeploymentPostprocessing = 0;
		};
		DCD82FEE1B1FCBBC00B38910 /* Frameworks */ = {
			isa = PBXFrameworksBuildPhase;
			buildActionMask = 2147483647;
			files = (
			);
			runOnlyForDeploymentPostprocessing = 0;
		};
/* End PBXFrameworksBuildPhase section */

/* Begin PBXGroup section */
		DC0427971B2EF073008F3DDE /* Products */ = {
			isa = PBXGroup;
			children = (
				DC04279C1B2EF073008F3DDE /* libSEBLEInterface.a */,
				DC04279E1B2EF073008F3DDE /* SEBLEInterfaceTests.xctest */,
			);
			name = Products;
			sourceTree = "<group>";
		};
		DC1A1ADD1B2910DC00AEC10B /* Products */ = {
			isa = PBXGroup;
			children = (
				DC1A1AE21B2910DD00AEC10B /* libMapbox.a */,
				DC1A1AE41B2910DD00AEC10B /* Mapbox.bundle */,
			);
			name = Products;
			sourceTree = "<group>";
		};
		DCB754761B33DEBF00457FC1 /* assets */ = {
			isa = PBXGroup;
			children = (
				DCB754771B33DEDA00457FC1 /* add-contact-button-small.png */,
				DCB754781B33DEDA00457FC1 /* add-contact-button-small@2x.png */,
				DCB754791B33DEDA00457FC1 /* add-contact-button-small@3x.png */,
				DCB7547A1B33DEDA00457FC1 /* add-contact-button.png */,
				DCB7547B1B33DEDA00457FC1 /* add-contact-button@2x.png */,
				DCB7547C1B33DEDA00457FC1 /* add-contact-button@3x.png */,
				DCB7547D1B33DEDA00457FC1 /* add-icon.png */,
				DCB7547E1B33DEDA00457FC1 /* add-icon@2x.png */,
				DCB7547F1B33DEDA00457FC1 /* add-icon@3x.png */,
				DCB754801B33DEDA00457FC1 /* arrow-down-more-small.png */,
				DCB754811B33DEDA00457FC1 /* arrow-down-more-small@2x.png */,
				DCB754821B33DEDA00457FC1 /* arrow-down-more-small@3x.png */,
				DCB754831B33DEDA00457FC1 /* contact-checkmark-small.png */,
				DCB754841B33DEDA00457FC1 /* contact-checkmark-small@2x.png */,
				DCB754851B33DEDA00457FC1 /* contact-checkmark-small@3x.png */,
				DCB754861B33DEDA00457FC1 /* crash-alert-active.png */,
				DCB754871B33DEDA00457FC1 /* crash-alert-active@2x.png */,
				DCB754881B33DEDA00457FC1 /* crash-alert-active@3x.png */,
				DCB754891B33DEDA00457FC1 /* crash-alert-inactive.png */,
				DCB7548A1B33DEDA00457FC1 /* crash-alert-inactive@2x.png */,
				DCB7548B1B33DEDA00457FC1 /* crash-alert-inactive@3x.png */,
				DCB7548C1B33DEDA00457FC1 /* gps-location-icon.png */,
				DCB7548D1B33DEDA00457FC1 /* gps-location-icon@2x.png */,
				DCB7548E1B33DEDA00457FC1 /* gps-location-icon@3x.png */,
				DCB7548F1B33DEDA00457FC1 /* help-icon.png */,
				DCB754901B33DEDA00457FC1 /* help-icon@2x.png */,
				DCB754911B33DEDA00457FC1 /* help-icon@3x.png */,
				DCB754921B33DEDA00457FC1 /* left-back-arrow-button.png */,
				DCB754931B33DEDA00457FC1 /* left-back-arrow-button@2x.png */,
				DCB754941B33DEDA00457FC1 /* left-back-arrow-button@3x.png */,
				DCB754951B33DEDA00457FC1 /* lock-active-icon.png */,
				DCB754961B33DEDA00457FC1 /* lock-active-icon@2x.png */,
				DCB754971B33DEDA00457FC1 /* lock-active-icon@3x.png */,
				DCB754981B33DEDA00457FC1 /* lock-icon.png */,
				DCB754991B33DEDA00457FC1 /* lock-icon@2x.png */,
				DCB7549A1B33DEDA00457FC1 /* lock-icon@3x.png */,
				DCB7549B1B33DEDA00457FC1 /* marker-default.png */,
				DCB7549C1B33DEDA00457FC1 /* marker-default@2x.png */,
				DCB7549D1B33DEDA00457FC1 /* marker-default@3x.png */,
				DCB7549E1B33DEDA00457FC1 /* menu-button.png */,
				DCB7549F1B33DEDA00457FC1 /* menu-button@2x.png */,
				DCB754A01B33DEDA00457FC1 /* menu-button@3x.png */,
				DCB754A11B33DEDA00457FC1 /* pencil-button.png */,
				DCB754A21B33DEDA00457FC1 /* pencil-button@2x.png */,
				DCB754A31B33DEDA00457FC1 /* pencil-button@3x.png */,
				DCB754A41B33DEDA00457FC1 /* reserve-button.png */,
				DCB754A51B33DEDA00457FC1 /* reserve-button@2x.png */,
				DCB754A61B33DEDA00457FC1 /* reserve-button@3x.png */,
				DCB754A71B33DEDA00457FC1 /* right-arrow-button.png */,
				DCB754A81B33DEDA00457FC1 /* right-arrow-button@2x.png */,
				DCB754A91B33DEDA00457FC1 /* right-arrow-button@3x.png */,
				DCB754AA1B33DEDA00457FC1 /* security-alert-active.png */,
				DCB754AB1B33DEDA00457FC1 /* security-alert-active@2x.png */,
				DCB754AC1B33DEDA00457FC1 /* security-alert-active@3x.png */,
				DCB754AD1B33DEDA00457FC1 /* security-alert-inactive.png */,
				DCB754AE1B33DEDA00457FC1 /* security-alert-inactive@2x.png */,
				DCB754AF1B33DEDA00457FC1 /* security-alert-inactive@3x.png */,
				DCB754B01B33DEDA00457FC1 /* send-button.png */,
				DCB754B11B33DEDA00457FC1 /* send-button@2x.png */,
				DCB754B21B33DEDA00457FC1 /* send-button@3x.png */,
				DCB754B31B33DEDA00457FC1 /* settings-icon.png */,
				DCB754B41B33DEDA00457FC1 /* settings-icon@2x.png */,
				DCB754B51B33DEDA00457FC1 /* settings-icon@3x.png */,
				DCB754B61B33DEDA00457FC1 /* share-icon.png */,
				DCB754B71B33DEDA00457FC1 /* share-icon@2x.png */,
				DCB754B81B33DEDA00457FC1 /* share-icon@3x.png */,
				DCB754B91B33DEDA00457FC1 /* sharebike-icon.png */,
				DCB754BA1B33DEDA00457FC1 /* sharebike-icon@2x.png */,
				DCB754BB1B33DEDA00457FC1 /* sharebike-icon@3x.png */,
				DCB754BC1B33DEDA00457FC1 /* sharing-active.png */,
				DCB754BD1B33DEDA00457FC1 /* sharing-active@2x.png */,
				DCB754BE1B33DEDA00457FC1 /* sharing-active@3x.png */,
				DCB754BF1B33DEDA00457FC1 /* sharing-inactive.png */,
				DCB754C01B33DEDA00457FC1 /* sharing-inactive@2x.png */,
				DCB754C11B33DEDA00457FC1 /* sharing-inactive@3x.png */,
				DCB754C21B33DEDA00457FC1 /* unlocked-active-icon.png */,
				DCB754C31B33DEDA00457FC1 /* unlocked-active-icon@2x.png */,
				DCB754C41B33DEDA00457FC1 /* unlocked-active-icon@3x.png */,
				DCB754C51B33DEDA00457FC1 /* unlocked-icon.png */,
				DCB754C61B33DEDA00457FC1 /* unlocked-icon@2x.png */,
				DCB754C71B33DEDA00457FC1 /* unlocked-icon@3x.png */,
			);
			name = assets;
			sourceTree = "<group>";
		};
		DCD82FCC1B1FCBBC00B38910 = {
			isa = PBXGroup;
			children = (
				DC61477E1B32801E0077484B /* CoreGraphics.framework */,
				DC0427961B2EF073008F3DDE /* SEBLEInterface.xcodeproj */,
				DC1A1ADC1B2910DC00AEC10B /* MapView.xcodeproj */,
				DC43C7161B27E5F900CEA7CF /* libz.dylib */,
				DC43C7141B27E5E100CEA7CF /* libsqlite3.dylib */,
				DCD554401B27D65E0035B78C /* CoreLocation.framework */,
				DCD554421B27D6650035B78C /* QuartzCore.framework */,
				DCD82FD71B1FCBBC00B38910 /* Skylock */,
				DCD82FF41B1FCBBC00B38910 /* SkylockTests */,
				DCD82FD61B1FCBBC00B38910 /* Products */,
			);
			sourceTree = "<group>";
		};
		DCD82FD61B1FCBBC00B38910 /* Products */ = {
			isa = PBXGroup;
			children = (
				DCD82FD51B1FCBBC00B38910 /* Skylock.app */,
				DCD82FF11B1FCBBC00B38910 /* SkylockTests.xctest */,
			);
			name = Products;
			sourceTree = "<group>";
		};
		DCD82FD71B1FCBBC00B38910 /* Skylock */ = {
			isa = PBXGroup;
			children = (
				DCB754761B33DEBF00457FC1 /* assets */,
				DC6147781B3233460077484B /* SLLock.h */,
				DC6147791B3233460077484B /* SLLock.m */,
				DCF944FF1B29CC2E00136E39 /* SLRestManager.h */,
				DCF945001B29CC2E00136E39 /* SLRestManager.m */,
				DC43C71B1B27E6E200CEA7CF /* SLSlideViewController.h */,
				DC43C71C1B27E6E200CEA7CF /* SLSlideViewController.m */,
				DCD82FDC1B1FCBBC00B38910 /* AppDelegate.h */,
				DCD82FDD1B1FCBBC00B38910 /* AppDelegate.m */,
				DCD82FE21B1FCBBC00B38910 /* ViewController.h */,
				DCD82FE31B1FCBBC00B38910 /* ViewController.m */,
				DC2387281B30516600BB28F3 /* SLLockInfoViewController.h */,
				DC2387291B30516600BB28F3 /* SLLockInfoViewController.m */,
				DC23872B1B307CF300BB28F3 /* SLLockInfoViewHeader.h */,
				DC23872C1B307CF300BB28F3 /* SLLockInfoViewHeader.m */,
				DC2387241B304EC500BB28F3 /* SLConstants.h */,
				DCD82FE51B1FCBBC00B38910 /* Main.storyboard */,
				DCD82FE81B1FCBBC00B38910 /* Images.xcassets */,
				DCD82FEA1B1FCBBC00B38910 /* LaunchScreen.xib */,
				DCD82FDF1B1FCBBC00B38910 /* Skylock.xcdatamodeld */,
				DCD82FD81B1FCBBC00B38910 /* Supporting Files */,
				DC43C71E1B2894B500CEA7CF /* SLLocationManager.h */,
				DC43C71F1B2894B500CEA7CF /* SLLocationManager.m */,
				DC9EADCC1B349CC200DA1692 /* SLLockInfoMiddleView.h */,
				DC9EADCD1B349CC200DA1692 /* SLLockInfoMiddleView.m */,
			);
			path = Skylock;
			sourceTree = "<group>";
		};
		DCD82FD81B1FCBBC00B38910 /* Supporting Files */ = {
			isa = PBXGroup;
			children = (
				DCD82FD91B1FCBBC00B38910 /* Info.plist */,
				DCD82FDA1B1FCBBC00B38910 /* main.m */,
			);
			name = "Supporting Files";
			sourceTree = "<group>";
		};
		DCD82FF41B1FCBBC00B38910 /* SkylockTests */ = {
			isa = PBXGroup;
			children = (
				DCD82FF71B1FCBBC00B38910 /* SkylockTests.m */,
				DCD82FF51B1FCBBC00B38910 /* Supporting Files */,
			);
			path = SkylockTests;
			sourceTree = "<group>";
		};
		DCD82FF51B1FCBBC00B38910 /* Supporting Files */ = {
			isa = PBXGroup;
			children = (
				DCD82FF61B1FCBBC00B38910 /* Info.plist */,
			);
			name = "Supporting Files";
			sourceTree = "<group>";
		};
/* End PBXGroup section */

/* Begin PBXNativeTarget section */
		DCD82FD41B1FCBBC00B38910 /* Skylock */ = {
			isa = PBXNativeTarget;
			buildConfigurationList = DCD82FFB1B1FCBBC00B38910 /* Build configuration list for PBXNativeTarget "Skylock" */;
			buildPhases = (
				DCD82FD11B1FCBBC00B38910 /* Sources */,
				DCD82FD21B1FCBBC00B38910 /* Frameworks */,
				DCD82FD31B1FCBBC00B38910 /* Resources */,
			);
			buildRules = (
			);
			dependencies = (
				DCE283251B2EFA2300864527 /* PBXTargetDependency */,
			);
			name = Skylock;
			productName = Skylock;
			productReference = DCD82FD51B1FCBBC00B38910 /* Skylock.app */;
			productType = "com.apple.product-type.application";
		};
		DCD82FF01B1FCBBC00B38910 /* SkylockTests */ = {
			isa = PBXNativeTarget;
			buildConfigurationList = DCD82FFE1B1FCBBC00B38910 /* Build configuration list for PBXNativeTarget "SkylockTests" */;
			buildPhases = (
				DCD82FED1B1FCBBC00B38910 /* Sources */,
				DCD82FEE1B1FCBBC00B38910 /* Frameworks */,
				DCD82FEF1B1FCBBC00B38910 /* Resources */,
			);
			buildRules = (
			);
			dependencies = (
				DCD82FF31B1FCBBC00B38910 /* PBXTargetDependency */,
			);
			name = SkylockTests;
			productName = SkylockTests;
			productReference = DCD82FF11B1FCBBC00B38910 /* SkylockTests.xctest */;
			productType = "com.apple.product-type.bundle.unit-test";
		};
/* End PBXNativeTarget section */

/* Begin PBXProject section */
		DCD82FCD1B1FCBBC00B38910 /* Project object */ = {
			isa = PBXProject;
			attributes = {
				LastUpgradeCheck = 0630;
				ORGANIZATIONNAME = "Andre Green";
				TargetAttributes = {
					DCD82FD41B1FCBBC00B38910 = {
						CreatedOnToolsVersion = 6.3.2;
					};
					DCD82FF01B1FCBBC00B38910 = {
						CreatedOnToolsVersion = 6.3.2;
						TestTargetID = DCD82FD41B1FCBBC00B38910;
					};
				};
			};
			buildConfigurationList = DCD82FD01B1FCBBC00B38910 /* Build configuration list for PBXProject "Skylock" */;
			compatibilityVersion = "Xcode 3.2";
			developmentRegion = English;
			hasScannedForEncodings = 0;
			knownRegions = (
				en,
				Base,
			);
			mainGroup = DCD82FCC1B1FCBBC00B38910;
			productRefGroup = DCD82FD61B1FCBBC00B38910 /* Products */;
			projectDirPath = "";
			projectReferences = (
				{
					ProductGroup = DC1A1ADD1B2910DC00AEC10B /* Products */;
					ProjectRef = DC1A1ADC1B2910DC00AEC10B /* MapView.xcodeproj */;
				},
				{
					ProductGroup = DC0427971B2EF073008F3DDE /* Products */;
					ProjectRef = DC0427961B2EF073008F3DDE /* SEBLEInterface.xcodeproj */;
				},
			);
			projectRoot = "";
			targets = (
				DCD82FD41B1FCBBC00B38910 /* Skylock */,
				DCD82FF01B1FCBBC00B38910 /* SkylockTests */,
			);
		};
/* End PBXProject section */

/* Begin PBXReferenceProxy section */
		DC04279C1B2EF073008F3DDE /* libSEBLEInterface.a */ = {
			isa = PBXReferenceProxy;
			fileType = archive.ar;
			path = libSEBLEInterface.a;
			remoteRef = DC04279B1B2EF073008F3DDE /* PBXContainerItemProxy */;
			sourceTree = BUILT_PRODUCTS_DIR;
		};
		DC04279E1B2EF073008F3DDE /* SEBLEInterfaceTests.xctest */ = {
			isa = PBXReferenceProxy;
			fileType = wrapper.cfbundle;
			path = SEBLEInterfaceTests.xctest;
			remoteRef = DC04279D1B2EF073008F3DDE /* PBXContainerItemProxy */;
			sourceTree = BUILT_PRODUCTS_DIR;
		};
		DC1A1AE21B2910DD00AEC10B /* libMapbox.a */ = {
			isa = PBXReferenceProxy;
			fileType = archive.ar;
			path = libMapbox.a;
			remoteRef = DC1A1AE11B2910DD00AEC10B /* PBXContainerItemProxy */;
			sourceTree = BUILT_PRODUCTS_DIR;
		};
		DC1A1AE41B2910DD00AEC10B /* Mapbox.bundle */ = {
			isa = PBXReferenceProxy;
			fileType = wrapper.cfbundle;
			path = Mapbox.bundle;
			remoteRef = DC1A1AE31B2910DD00AEC10B /* PBXContainerItemProxy */;
			sourceTree = BUILT_PRODUCTS_DIR;
		};
/* End PBXReferenceProxy section */

/* Begin PBXResourcesBuildPhase section */
		DCD82FD31B1FCBBC00B38910 /* Resources */ = {
			isa = PBXResourcesBuildPhase;
			buildActionMask = 2147483647;
			files = (
				DCB755021B33DEDA00457FC1 /* send-button@2x.png in Resources */,
				DCB754F51B33DEDA00457FC1 /* reserve-button.png in Resources */,
				DCB754FC1B33DEDA00457FC1 /* security-alert-active@2x.png in Resources */,
				DCB755181B33DEDA00457FC1 /* unlocked-icon@3x.png in Resources */,
				DCB755041B33DEDA00457FC1 /* settings-icon.png in Resources */,
				DCB754D31B33DEDA00457FC1 /* arrow-down-more-small@3x.png in Resources */,
				DCB755011B33DEDA00457FC1 /* send-button.png in Resources */,
				DCB755001B33DEDA00457FC1 /* security-alert-inactive@3x.png in Resources */,
				DCB754D01B33DEDA00457FC1 /* add-icon@3x.png in Resources */,
				DCB754E81B33DEDA00457FC1 /* lock-active-icon@3x.png in Resources */,
				DCB754FE1B33DEDA00457FC1 /* security-alert-inactive.png in Resources */,
				DCB7550D1B33DEDA00457FC1 /* sharing-active.png in Resources */,
				DCB754F81B33DEDA00457FC1 /* right-arrow-button.png in Resources */,
				DCB754FA1B33DEDA00457FC1 /* right-arrow-button@3x.png in Resources */,
				DCB754CD1B33DEDA00457FC1 /* add-contact-button@3x.png in Resources */,
				DCB754DA1B33DEDA00457FC1 /* crash-alert-inactive.png in Resources */,
				DCB7550B1B33DEDA00457FC1 /* sharebike-icon@2x.png in Resources */,
				DCB755051B33DEDA00457FC1 /* settings-icon@2x.png in Resources */,
				DCB754DF1B33DEDA00457FC1 /* gps-location-icon@3x.png in Resources */,
				DCB755091B33DEDA00457FC1 /* share-icon@3x.png in Resources */,
				DCB7550E1B33DEDA00457FC1 /* sharing-active@2x.png in Resources */,
				DCB755171B33DEDA00457FC1 /* unlocked-icon@2x.png in Resources */,
				DCB755111B33DEDA00457FC1 /* sharing-inactive@2x.png in Resources */,
				DCB754F61B33DEDA00457FC1 /* reserve-button@2x.png in Resources */,
				DCB754F91B33DEDA00457FC1 /* right-arrow-button@2x.png in Resources */,
				DCB754DD1B33DEDA00457FC1 /* gps-location-icon.png in Resources */,
				DCB754F21B33DEDA00457FC1 /* pencil-button.png in Resources */,
				DC1A1AE61B291CF000AEC10B /* Mapbox.bundle in Resources */,
				DCB754F01B33DEDA00457FC1 /* menu-button@2x.png in Resources */,
				DCB754D91B33DEDA00457FC1 /* crash-alert-active@3x.png in Resources */,
				DCB754D21B33DEDA00457FC1 /* arrow-down-more-small@2x.png in Resources */,
				DCB7550F1B33DEDA00457FC1 /* sharing-active@3x.png in Resources */,
				DCB754C91B33DEDA00457FC1 /* add-contact-button-small@2x.png in Resources */,
				DCB754E91B33DEDA00457FC1 /* lock-icon.png in Resources */,
				DCB7550A1B33DEDA00457FC1 /* sharebike-icon.png in Resources */,
				DCB754ED1B33DEDA00457FC1 /* marker-default@2x.png in Resources */,
				DCD82FE71B1FCBBC00B38910 /* Main.storyboard in Resources */,
				DCB755151B33DEDA00457FC1 /* unlocked-active-icon@3x.png in Resources */,
				DCB754E51B33DEDA00457FC1 /* left-back-arrow-button@3x.png in Resources */,
				DCD82FEC1B1FCBBC00B38910 /* LaunchScreen.xib in Resources */,
				DCB754CB1B33DEDA00457FC1 /* add-contact-button.png in Resources */,
				DCB754EC1B33DEDA00457FC1 /* marker-default.png in Resources */,
				DCD82FE91B1FCBBC00B38910 /* Images.xcassets in Resources */,
				DCB754E41B33DEDA00457FC1 /* left-back-arrow-button@2x.png in Resources */,
				DCB754F71B33DEDA00457FC1 /* reserve-button@3x.png in Resources */,
				DCB754EF1B33DEDA00457FC1 /* menu-button.png in Resources */,
				DCB754C81B33DEDA00457FC1 /* add-contact-button-small.png in Resources */,
				DCB755031B33DEDA00457FC1 /* send-button@3x.png in Resources */,
				DCB754E01B33DEDA00457FC1 /* help-icon.png in Resources */,
				DCB754E11B33DEDA00457FC1 /* help-icon@2x.png in Resources */,
				DCB755131B33DEDA00457FC1 /* unlocked-active-icon.png in Resources */,
				DCB754DC1B33DEDA00457FC1 /* crash-alert-inactive@3x.png in Resources */,
				DCB754D41B33DEDA00457FC1 /* contact-checkmark-small.png in Resources */,
				DCB754CC1B33DEDA00457FC1 /* add-contact-button@2x.png in Resources */,
				DCB754CE1B33DEDA00457FC1 /* add-icon.png in Resources */,
				DCB755121B33DEDA00457FC1 /* sharing-inactive@3x.png in Resources */,
				DCB754DE1B33DEDA00457FC1 /* gps-location-icon@2x.png in Resources */,
				DCB7550C1B33DEDA00457FC1 /* sharebike-icon@3x.png in Resources */,
				DCB754CA1B33DEDA00457FC1 /* add-contact-button-small@3x.png in Resources */,
				DCB754E61B33DEDA00457FC1 /* lock-active-icon.png in Resources */,
				DCB754F11B33DEDA00457FC1 /* menu-button@3x.png in Resources */,
				DCB754E31B33DEDA00457FC1 /* left-back-arrow-button.png in Resources */,
				DCB755081B33DEDA00457FC1 /* share-icon@2x.png in Resources */,
				DCB754EB1B33DEDA00457FC1 /* lock-icon@3x.png in Resources */,
				DCB755071B33DEDA00457FC1 /* share-icon.png in Resources */,
				DCB754EE1B33DEDA00457FC1 /* marker-default@3x.png in Resources */,
				DCB754F31B33DEDA00457FC1 /* pencil-button@2x.png in Resources */,
				DCB754D61B33DEDA00457FC1 /* contact-checkmark-small@3x.png in Resources */,
				DCB754D71B33DEDA00457FC1 /* crash-alert-active.png in Resources */,
				DCB754D11B33DEDA00457FC1 /* arrow-down-more-small.png in Resources */,
				DCB754D81B33DEDA00457FC1 /* crash-alert-active@2x.png in Resources */,
				DCB755141B33DEDA00457FC1 /* unlocked-active-icon@2x.png in Resources */,
				DCB755101B33DEDA00457FC1 /* sharing-inactive.png in Resources */,
				DCB754CF1B33DEDA00457FC1 /* add-icon@2x.png in Resources */,
				DCB754E71B33DEDA00457FC1 /* lock-active-icon@2x.png in Resources */,
				DCB754FB1B33DEDA00457FC1 /* security-alert-active.png in Resources */,
				DCB754E21B33DEDA00457FC1 /* help-icon@3x.png in Resources */,
				DCB754F41B33DEDA00457FC1 /* pencil-button@3x.png in Resources */,
				DCB754DB1B33DEDA00457FC1 /* crash-alert-inactive@2x.png in Resources */,
				DCB755161B33DEDA00457FC1 /* unlocked-icon.png in Resources */,
				DCB754FF1B33DEDA00457FC1 /* security-alert-inactive@2x.png in Resources */,
				DCB755061B33DEDA00457FC1 /* settings-icon@3x.png in Resources */,
				DCB754EA1B33DEDA00457FC1 /* lock-icon@2x.png in Resources */,
				DCB754FD1B33DEDA00457FC1 /* security-alert-active@3x.png in Resources */,
				DCB754D51B33DEDA00457FC1 /* contact-checkmark-small@2x.png in Resources */,
			);
			runOnlyForDeploymentPostprocessing = 0;
		};
		DCD82FEF1B1FCBBC00B38910 /* Resources */ = {
			isa = PBXResourcesBuildPhase;
			buildActionMask = 2147483647;
			files = (
			);
			runOnlyForDeploymentPostprocessing = 0;
		};
/* End PBXResourcesBuildPhase section */

/* Begin PBXSourcesBuildPhase section */
		DCD82FD11B1FCBBC00B38910 /* Sources */ = {
			isa = PBXSourcesBuildPhase;
			buildActionMask = 2147483647;
			files = (
				DC23872D1B307CF300BB28F3 /* SLLockInfoViewHeader.m in Sources */,
				DC61477A1B3233460077484B /* SLLock.m in Sources */,
				DC23872A1B30516600BB28F3 /* SLLockInfoViewController.m in Sources */,
				DC43C71D1B27E6E200CEA7CF /* SLSlideViewController.m in Sources */,
				DC43C7201B2894B500CEA7CF /* SLLocationManager.m in Sources */,
				DCD82FDE1B1FCBBC00B38910 /* AppDelegate.m in Sources */,
				DCD82FE11B1FCBBC00B38910 /* Skylock.xcdatamodeld in Sources */,
				DCF945011B29CC2E00136E39 /* SLRestManager.m in Sources */,
				DC9EADCE1B349CC200DA1692 /* SLLockInfoMiddleView.m in Sources */,
				DCD82FE41B1FCBBC00B38910 /* ViewController.m in Sources */,
				DCD82FDB1B1FCBBC00B38910 /* main.m in Sources */,
			);
			runOnlyForDeploymentPostprocessing = 0;
		};
		DCD82FED1B1FCBBC00B38910 /* Sources */ = {
			isa = PBXSourcesBuildPhase;
			buildActionMask = 2147483647;
			files = (
				DCD82FF81B1FCBBC00B38910 /* SkylockTests.m in Sources */,
			);
			runOnlyForDeploymentPostprocessing = 0;
		};
/* End PBXSourcesBuildPhase section */

/* Begin PBXTargetDependency section */
		DCD82FF31B1FCBBC00B38910 /* PBXTargetDependency */ = {
			isa = PBXTargetDependency;
			target = DCD82FD41B1FCBBC00B38910 /* Skylock */;
			targetProxy = DCD82FF21B1FCBBC00B38910 /* PBXContainerItemProxy */;
		};
		DCE283251B2EFA2300864527 /* PBXTargetDependency */ = {
			isa = PBXTargetDependency;
			name = SEBLEInterface;
			targetProxy = DCE283241B2EFA2300864527 /* PBXContainerItemProxy */;
		};
/* End PBXTargetDependency section */

/* Begin PBXVariantGroup section */
		DCD82FE51B1FCBBC00B38910 /* Main.storyboard */ = {
			isa = PBXVariantGroup;
			children = (
				DCD82FE61B1FCBBC00B38910 /* Base */,
			);
			name = Main.storyboard;
			sourceTree = "<group>";
		};
		DCD82FEA1B1FCBBC00B38910 /* LaunchScreen.xib */ = {
			isa = PBXVariantGroup;
			children = (
				DCD82FEB1B1FCBBC00B38910 /* Base */,
			);
			name = LaunchScreen.xib;
			sourceTree = "<group>";
		};
/* End PBXVariantGroup section */

/* Begin XCBuildConfiguration section */
		DCD82FF91B1FCBBC00B38910 /* Debug */ = {
			isa = XCBuildConfiguration;
			buildSettings = {
				ALWAYS_SEARCH_USER_PATHS = NO;
				CLANG_CXX_LANGUAGE_STANDARD = "gnu++0x";
				CLANG_CXX_LIBRARY = "libc++";
				CLANG_ENABLE_MODULES = YES;
				CLANG_ENABLE_OBJC_ARC = YES;
				CLANG_WARN_BOOL_CONVERSION = YES;
				CLANG_WARN_CONSTANT_CONVERSION = YES;
				CLANG_WARN_DIRECT_OBJC_ISA_USAGE = YES_ERROR;
				CLANG_WARN_EMPTY_BODY = YES;
				CLANG_WARN_ENUM_CONVERSION = YES;
				CLANG_WARN_INT_CONVERSION = YES;
				CLANG_WARN_OBJC_ROOT_CLASS = YES_ERROR;
				CLANG_WARN_UNREACHABLE_CODE = YES;
				CLANG_WARN__DUPLICATE_METHOD_MATCH = YES;
				"CODE_SIGN_IDENTITY[sdk=iphoneos*]" = "iPhone Developer";
				COPY_PHASE_STRIP = NO;
				DEBUG_INFORMATION_FORMAT = "dwarf-with-dsym";
				ENABLE_STRICT_OBJC_MSGSEND = YES;
				GCC_C_LANGUAGE_STANDARD = gnu99;
				GCC_DYNAMIC_NO_PIC = NO;
				GCC_NO_COMMON_BLOCKS = YES;
				GCC_OPTIMIZATION_LEVEL = 0;
				GCC_PREPROCESSOR_DEFINITIONS = (
					"DEBUG=1",
					"$(inherited)",
				);
				GCC_SYMBOLS_PRIVATE_EXTERN = NO;
				GCC_WARN_64_TO_32_BIT_CONVERSION = YES;
				GCC_WARN_ABOUT_RETURN_TYPE = YES_ERROR;
				GCC_WARN_UNDECLARED_SELECTOR = YES;
				GCC_WARN_UNINITIALIZED_AUTOS = YES_AGGRESSIVE;
				GCC_WARN_UNUSED_FUNCTION = YES;
				GCC_WARN_UNUSED_VARIABLE = YES;
				IPHONEOS_DEPLOYMENT_TARGET = 8.3;
				MTL_ENABLE_DEBUG_INFO = YES;
				ONLY_ACTIVE_ARCH = YES;
				SDKROOT = iphoneos;
			};
			name = Debug;
		};
		DCD82FFA1B1FCBBC00B38910 /* Release */ = {
			isa = XCBuildConfiguration;
			buildSettings = {
				ALWAYS_SEARCH_USER_PATHS = NO;
				CLANG_CXX_LANGUAGE_STANDARD = "gnu++0x";
				CLANG_CXX_LIBRARY = "libc++";
				CLANG_ENABLE_MODULES = YES;
				CLANG_ENABLE_OBJC_ARC = YES;
				CLANG_WARN_BOOL_CONVERSION = YES;
				CLANG_WARN_CONSTANT_CONVERSION = YES;
				CLANG_WARN_DIRECT_OBJC_ISA_USAGE = YES_ERROR;
				CLANG_WARN_EMPTY_BODY = YES;
				CLANG_WARN_ENUM_CONVERSION = YES;
				CLANG_WARN_INT_CONVERSION = YES;
				CLANG_WARN_OBJC_ROOT_CLASS = YES_ERROR;
				CLANG_WARN_UNREACHABLE_CODE = YES;
				CLANG_WARN__DUPLICATE_METHOD_MATCH = YES;
				"CODE_SIGN_IDENTITY[sdk=iphoneos*]" = "iPhone Developer";
				COPY_PHASE_STRIP = NO;
				DEBUG_INFORMATION_FORMAT = "dwarf-with-dsym";
				ENABLE_NS_ASSERTIONS = NO;
				ENABLE_STRICT_OBJC_MSGSEND = YES;
				GCC_C_LANGUAGE_STANDARD = gnu99;
				GCC_NO_COMMON_BLOCKS = YES;
				GCC_WARN_64_TO_32_BIT_CONVERSION = YES;
				GCC_WARN_ABOUT_RETURN_TYPE = YES_ERROR;
				GCC_WARN_UNDECLARED_SELECTOR = YES;
				GCC_WARN_UNINITIALIZED_AUTOS = YES_AGGRESSIVE;
				GCC_WARN_UNUSED_FUNCTION = YES;
				GCC_WARN_UNUSED_VARIABLE = YES;
				IPHONEOS_DEPLOYMENT_TARGET = 8.3;
				MTL_ENABLE_DEBUG_INFO = NO;
				SDKROOT = iphoneos;
				VALIDATE_PRODUCT = YES;
			};
			name = Release;
		};
		DCD82FFC1B1FCBBC00B38910 /* Debug */ = {
			isa = XCBuildConfiguration;
			buildSettings = {
				ASSETCATALOG_COMPILER_APPICON_NAME = AppIcon;
				HEADER_SEARCH_PATHS = (
					"$(inherited)",
					/Applications/Xcode.app/Contents/Developer/Toolchains/XcodeDefault.xctoolchain/usr/include,
					"\"$(SRCROOT)/mapbox-ios-sdk\"/**",
				);
				INFOPLIST_FILE = Skylock/Info.plist;
				LD_RUNPATH_SEARCH_PATHS = "$(inherited) @executable_path/Frameworks";
				OTHER_LDFLAGS = "-ObjC";
				"OTHER_LDFLAGS[arch=*]" = "";
				PRODUCT_NAME = "$(TARGET_NAME)";
			};
			name = Debug;
		};
		DCD82FFD1B1FCBBC00B38910 /* Release */ = {
			isa = XCBuildConfiguration;
			buildSettings = {
				ASSETCATALOG_COMPILER_APPICON_NAME = AppIcon;
				HEADER_SEARCH_PATHS = (
					"$(inherited)",
					/Applications/Xcode.app/Contents/Developer/Toolchains/XcodeDefault.xctoolchain/usr/include,
					"\"$(SRCROOT)/mapbox-ios-sdk\"/**",
				);
				INFOPLIST_FILE = Skylock/Info.plist;
				LD_RUNPATH_SEARCH_PATHS = "$(inherited) @executable_path/Frameworks";
				OTHER_LDFLAGS = "-ObjC";
				PRODUCT_NAME = "$(TARGET_NAME)";
			};
			name = Release;
		};
		DCD82FFF1B1FCBBC00B38910 /* Debug */ = {
			isa = XCBuildConfiguration;
			buildSettings = {
				BUNDLE_LOADER = "$(TEST_HOST)";
				FRAMEWORK_SEARCH_PATHS = (
					"$(SDKROOT)/Developer/Library/Frameworks",
					"$(inherited)",
				);
				GCC_PREPROCESSOR_DEFINITIONS = (
					"DEBUG=1",
					"$(inherited)",
				);
				INFOPLIST_FILE = SkylockTests/Info.plist;
				LD_RUNPATH_SEARCH_PATHS = "$(inherited) @executable_path/Frameworks @loader_path/Frameworks";
				PRODUCT_NAME = "$(TARGET_NAME)";
				TEST_HOST = "$(BUILT_PRODUCTS_DIR)/Skylock.app/Skylock";
			};
			name = Debug;
		};
		DCD830001B1FCBBC00B38910 /* Release */ = {
			isa = XCBuildConfiguration;
			buildSettings = {
				BUNDLE_LOADER = "$(TEST_HOST)";
				FRAMEWORK_SEARCH_PATHS = (
					"$(SDKROOT)/Developer/Library/Frameworks",
					"$(inherited)",
				);
				INFOPLIST_FILE = SkylockTests/Info.plist;
				LD_RUNPATH_SEARCH_PATHS = "$(inherited) @executable_path/Frameworks @loader_path/Frameworks";
				PRODUCT_NAME = "$(TARGET_NAME)";
				TEST_HOST = "$(BUILT_PRODUCTS_DIR)/Skylock.app/Skylock";
			};
			name = Release;
		};
/* End XCBuildConfiguration section */

/* Begin XCConfigurationList section */
		DCD82FD01B1FCBBC00B38910 /* Build configuration list for PBXProject "Skylock" */ = {
			isa = XCConfigurationList;
			buildConfigurations = (
				DCD82FF91B1FCBBC00B38910 /* Debug */,
				DCD82FFA1B1FCBBC00B38910 /* Release */,
			);
			defaultConfigurationIsVisible = 0;
			defaultConfigurationName = Release;
		};
		DCD82FFB1B1FCBBC00B38910 /* Build configuration list for PBXNativeTarget "Skylock" */ = {
			isa = XCConfigurationList;
			buildConfigurations = (
				DCD82FFC1B1FCBBC00B38910 /* Debug */,
				DCD82FFD1B1FCBBC00B38910 /* Release */,
			);
			defaultConfigurationIsVisible = 0;
			defaultConfigurationName = Release;
		};
		DCD82FFE1B1FCBBC00B38910 /* Build configuration list for PBXNativeTarget "SkylockTests" */ = {
			isa = XCConfigurationList;
			buildConfigurations = (
				DCD82FFF1B1FCBBC00B38910 /* Debug */,
				DCD830001B1FCBBC00B38910 /* Release */,
			);
			defaultConfigurationIsVisible = 0;
			defaultConfigurationName = Release;
		};
/* End XCConfigurationList section */

/* Begin XCVersionGroup section */
		DCD82FDF1B1FCBBC00B38910 /* Skylock.xcdatamodeld */ = {
			isa = XCVersionGroup;
			children = (
				DCD82FE01B1FCBBC00B38910 /* Skylock.xcdatamodel */,
			);
			currentVersion = DCD82FE01B1FCBBC00B38910 /* Skylock.xcdatamodel */;
			path = Skylock.xcdatamodeld;
			sourceTree = "<group>";
			versionGroupType = wrapper.xcdatamodel;
		};
/* End XCVersionGroup section */
	};
	rootObject = DCD82FCD1B1FCBBC00B38910 /* Project object */;
}
