// !$*UTF8*$!
{
	archiveVersion = 1;
	classes = {
	};
	objectVersion = 46;
	objects = {

/* Begin PBXBuildFile section */
		DC04279F1B2EF118008F3DDE /* libSEBLEInterface.a in Frameworks */ = {isa = PBXBuildFile; fileRef = DC04279C1B2EF073008F3DDE /* libSEBLEInterface.a */; };
		DC1A1AE51B2910E400AEC10B /* libMapbox.a in Frameworks */ = {isa = PBXBuildFile; fileRef = DC1A1AE21B2910DD00AEC10B /* libMapbox.a */; };
		DC1A1AE61B291CF000AEC10B /* Mapbox.bundle in Resources */ = {isa = PBXBuildFile; fileRef = DC1A1AE41B2910DD00AEC10B /* Mapbox.bundle */; };
		DC43C7121B27E51E00CEA7CF /* CoreLocation.framework in Frameworks */ = {isa = PBXBuildFile; fileRef = DCD554401B27D65E0035B78C /* CoreLocation.framework */; };
		DC43C7131B27E52C00CEA7CF /* QuartzCore.framework in Frameworks */ = {isa = PBXBuildFile; fileRef = DCD554421B27D6650035B78C /* QuartzCore.framework */; };
		DC43C7151B27E5E100CEA7CF /* libsqlite3.dylib in Frameworks */ = {isa = PBXBuildFile; fileRef = DC43C7141B27E5E100CEA7CF /* libsqlite3.dylib */; };
		DC43C7171B27E5F900CEA7CF /* libz.dylib in Frameworks */ = {isa = PBXBuildFile; fileRef = DC43C7161B27E5F900CEA7CF /* libz.dylib */; };
		DC43C71D1B27E6E200CEA7CF /* SLSlideViewController.m in Sources */ = {isa = PBXBuildFile; fileRef = DC43C71C1B27E6E200CEA7CF /* SLSlideViewController.m */; };
		DC43C7201B2894B500CEA7CF /* SLLocationManager.m in Sources */ = {isa = PBXBuildFile; fileRef = DC43C71F1B2894B500CEA7CF /* SLLocationManager.m */; };
		DCD82FDB1B1FCBBC00B38910 /* main.m in Sources */ = {isa = PBXBuildFile; fileRef = DCD82FDA1B1FCBBC00B38910 /* main.m */; };
		DCD82FDE1B1FCBBC00B38910 /* AppDelegate.m in Sources */ = {isa = PBXBuildFile; fileRef = DCD82FDD1B1FCBBC00B38910 /* AppDelegate.m */; };
		DCD82FE11B1FCBBC00B38910 /* Skylock.xcdatamodeld in Sources */ = {isa = PBXBuildFile; fileRef = DCD82FDF1B1FCBBC00B38910 /* Skylock.xcdatamodeld */; };
		DCD82FE41B1FCBBC00B38910 /* ViewController.m in Sources */ = {isa = PBXBuildFile; fileRef = DCD82FE31B1FCBBC00B38910 /* ViewController.m */; };
		DCD82FE71B1FCBBC00B38910 /* Main.storyboard in Resources */ = {isa = PBXBuildFile; fileRef = DCD82FE51B1FCBBC00B38910 /* Main.storyboard */; };
		DCD82FE91B1FCBBC00B38910 /* Images.xcassets in Resources */ = {isa = PBXBuildFile; fileRef = DCD82FE81B1FCBBC00B38910 /* Images.xcassets */; };
		DCD82FEC1B1FCBBC00B38910 /* LaunchScreen.xib in Resources */ = {isa = PBXBuildFile; fileRef = DCD82FEA1B1FCBBC00B38910 /* LaunchScreen.xib */; };
		DCD82FF81B1FCBBC00B38910 /* SkylockTests.m in Sources */ = {isa = PBXBuildFile; fileRef = DCD82FF71B1FCBBC00B38910 /* SkylockTests.m */; };
		DCF945011B29CC2E00136E39 /* SLRestManager.m in Sources */ = {isa = PBXBuildFile; fileRef = DCF945001B29CC2E00136E39 /* SLRestManager.m */; };
/* End PBXBuildFile section */

/* Begin PBXContainerItemProxy section */
		DC04279B1B2EF073008F3DDE /* PBXContainerItemProxy */ = {
			isa = PBXContainerItemProxy;
			containerPortal = DC0427961B2EF073008F3DDE /* SEBLEInterface.xcodeproj */;
			proxyType = 2;
			remoteGlobalIDString = DC0427631B2DBC4F008F3DDE;
			remoteInfo = SEBLEInterface;
		};
		DC04279D1B2EF073008F3DDE /* PBXContainerItemProxy */ = {
			isa = PBXContainerItemProxy;
			containerPortal = DC0427961B2EF073008F3DDE /* SEBLEInterface.xcodeproj */;
			proxyType = 2;
			remoteGlobalIDString = DC04276E1B2DBC4F008F3DDE;
			remoteInfo = SEBLEInterfaceTests;
		};
		DC1A1AE11B2910DD00AEC10B /* PBXContainerItemProxy */ = {
			isa = PBXContainerItemProxy;
			containerPortal = DC1A1ADC1B2910DC00AEC10B /* MapView.xcodeproj */;
			proxyType = 2;
			remoteGlobalIDString = 17F31EFA1331050A00122B16;
			remoteInfo = MapView;
		};
		DC1A1AE31B2910DD00AEC10B /* PBXContainerItemProxy */ = {
			isa = PBXContainerItemProxy;
			containerPortal = DC1A1ADC1B2910DC00AEC10B /* MapView.xcodeproj */;
			proxyType = 2;
			remoteGlobalIDString = DD6A83751644A20C0097F31F;
			remoteInfo = Resources;
		};
		DCD82FF21B1FCBBC00B38910 /* PBXContainerItemProxy */ = {
			isa = PBXContainerItemProxy;
			containerPortal = DCD82FCD1B1FCBBC00B38910 /* Project object */;
			proxyType = 1;
			remoteGlobalIDString = DCD82FD41B1FCBBC00B38910;
			remoteInfo = Skylock;
		};
		DCE283241B2EFA2300864527 /* PBXContainerItemProxy */ = {
			isa = PBXContainerItemProxy;
			containerPortal = DC0427961B2EF073008F3DDE /* SEBLEInterface.xcodeproj */;
			proxyType = 1;
			remoteGlobalIDString = DC0427621B2DBC4F008F3DDE;
			remoteInfo = SEBLEInterface;
		};
/* End PBXContainerItemProxy section */

/* Begin PBXFileReference section */
		DC0427961B2EF073008F3DDE /* SEBLEInterface.xcodeproj */ = {isa = PBXFileReference; lastKnownFileType = "wrapper.pb-project"; name = SEBLEInterface.xcodeproj; path = SEBLEInterface/SEBLEInterface/SEBLEInterface.xcodeproj; sourceTree = "<group>"; };
		DC1A1ADC1B2910DC00AEC10B /* MapView.xcodeproj */ = {isa = PBXFileReference; lastKnownFileType = "wrapper.pb-project"; name = MapView.xcodeproj; path = "mapbox-ios-sdk/MapView/MapView.xcodeproj"; sourceTree = "<group>"; };
		DC43C7141B27E5E100CEA7CF /* libsqlite3.dylib */ = {isa = PBXFileReference; lastKnownFileType = "compiled.mach-o.dylib"; name = libsqlite3.dylib; path = usr/lib/libsqlite3.dylib; sourceTree = SDKROOT; };
		DC43C7161B27E5F900CEA7CF /* libz.dylib */ = {isa = PBXFileReference; lastKnownFileType = "compiled.mach-o.dylib"; name = libz.dylib; path = usr/lib/libz.dylib; sourceTree = SDKROOT; };
		DC43C71B1B27E6E200CEA7CF /* SLSlideViewController.h */ = {isa = PBXFileReference; fileEncoding = 4; lastKnownFileType = sourcecode.c.h; path = SLSlideViewController.h; sourceTree = "<group>"; };
		DC43C71C1B27E6E200CEA7CF /* SLSlideViewController.m */ = {isa = PBXFileReference; fileEncoding = 4; lastKnownFileType = sourcecode.c.objc; path = SLSlideViewController.m; sourceTree = "<group>"; };
		DC43C71E1B2894B500CEA7CF /* SLLocationManager.h */ = {isa = PBXFileReference; fileEncoding = 4; lastKnownFileType = sourcecode.c.h; path = SLLocationManager.h; sourceTree = "<group>"; };
		DC43C71F1B2894B500CEA7CF /* SLLocationManager.m */ = {isa = PBXFileReference; fileEncoding = 4; lastKnownFileType = sourcecode.c.objc; path = SLLocationManager.m; sourceTree = "<group>"; };
		DCD554401B27D65E0035B78C /* CoreLocation.framework */ = {isa = PBXFileReference; lastKnownFileType = wrapper.framework; name = CoreLocation.framework; path = System/Library/Frameworks/CoreLocation.framework; sourceTree = SDKROOT; };
		DCD554421B27D6650035B78C /* QuartzCore.framework */ = {isa = PBXFileReference; lastKnownFileType = wrapper.framework; name = QuartzCore.framework; path = System/Library/Frameworks/QuartzCore.framework; sourceTree = SDKROOT; };
		DCD82FD51B1FCBBC00B38910 /* Skylock.app */ = {isa = PBXFileReference; explicitFileType = wrapper.application; includeInIndex = 0; path = Skylock.app; sourceTree = BUILT_PRODUCTS_DIR; };
		DCD82FD91B1FCBBC00B38910 /* Info.plist */ = {isa = PBXFileReference; lastKnownFileType = text.plist.xml; path = Info.plist; sourceTree = "<group>"; };
		DCD82FDA1B1FCBBC00B38910 /* main.m */ = {isa = PBXFileReference; lastKnownFileType = sourcecode.c.objc; path = main.m; sourceTree = "<group>"; };
		DCD82FDC1B1FCBBC00B38910 /* AppDelegate.h */ = {isa = PBXFileReference; lastKnownFileType = sourcecode.c.h; path = AppDelegate.h; sourceTree = "<group>"; };
		DCD82FDD1B1FCBBC00B38910 /* AppDelegate.m */ = {isa = PBXFileReference; lastKnownFileType = sourcecode.c.objc; path = AppDelegate.m; sourceTree = "<group>"; };
		DCD82FE01B1FCBBC00B38910 /* Skylock.xcdatamodel */ = {isa = PBXFileReference; lastKnownFileType = wrapper.xcdatamodel; path = Skylock.xcdatamodel; sourceTree = "<group>"; };
		DCD82FE21B1FCBBC00B38910 /* ViewController.h */ = {isa = PBXFileReference; lastKnownFileType = sourcecode.c.h; path = ViewController.h; sourceTree = "<group>"; };
		DCD82FE31B1FCBBC00B38910 /* ViewController.m */ = {isa = PBXFileReference; lastKnownFileType = sourcecode.c.objc; path = ViewController.m; sourceTree = "<group>"; };
		DCD82FE61B1FCBBC00B38910 /* Base */ = {isa = PBXFileReference; lastKnownFileType = file.storyboard; name = Base; path = Base.lproj/Main.storyboard; sourceTree = "<group>"; };
		DCD82FE81B1FCBBC00B38910 /* Images.xcassets */ = {isa = PBXFileReference; lastKnownFileType = folder.assetcatalog; path = Images.xcassets; sourceTree = "<group>"; };
		DCD82FEB1B1FCBBC00B38910 /* Base */ = {isa = PBXFileReference; lastKnownFileType = file.xib; name = Base; path = Base.lproj/LaunchScreen.xib; sourceTree = "<group>"; };
		DCD82FF11B1FCBBC00B38910 /* SkylockTests.xctest */ = {isa = PBXFileReference; explicitFileType = wrapper.cfbundle; includeInIndex = 0; path = SkylockTests.xctest; sourceTree = BUILT_PRODUCTS_DIR; };
		DCD82FF61B1FCBBC00B38910 /* Info.plist */ = {isa = PBXFileReference; lastKnownFileType = text.plist.xml; path = Info.plist; sourceTree = "<group>"; };
		DCD82FF71B1FCBBC00B38910 /* SkylockTests.m */ = {isa = PBXFileReference; lastKnownFileType = sourcecode.c.objc; path = SkylockTests.m; sourceTree = "<group>"; };
		DCF944FF1B29CC2E00136E39 /* SLRestManager.h */ = {isa = PBXFileReference; fileEncoding = 4; lastKnownFileType = sourcecode.c.h; path = SLRestManager.h; sourceTree = "<group>"; };
		DCF945001B29CC2E00136E39 /* SLRestManager.m */ = {isa = PBXFileReference; fileEncoding = 4; lastKnownFileType = sourcecode.c.objc; path = SLRestManager.m; sourceTree = "<group>"; };
/* End PBXFileReference section */

/* Begin PBXFrameworksBuildPhase section */
		DCD82FD21B1FCBBC00B38910 /* Frameworks */ = {
			isa = PBXFrameworksBuildPhase;
			buildActionMask = 2147483647;
			files = (
				DC04279F1B2EF118008F3DDE /* libSEBLEInterface.a in Frameworks */,
				DC1A1AE51B2910E400AEC10B /* libMapbox.a in Frameworks */,
				DC43C7171B27E5F900CEA7CF /* libz.dylib in Frameworks */,
				DC43C7151B27E5E100CEA7CF /* libsqlite3.dylib in Frameworks */,
				DC43C7131B27E52C00CEA7CF /* QuartzCore.framework in Frameworks */,
				DC43C7121B27E51E00CEA7CF /* CoreLocation.framework in Frameworks */,
			);
			runOnlyForDeploymentPostprocessing = 0;
		};
		DCD82FEE1B1FCBBC00B38910 /* Frameworks */ = {
			isa = PBXFrameworksBuildPhase;
			buildActionMask = 2147483647;
			files = (
			);
			runOnlyForDeploymentPostprocessing = 0;
		};
/* End PBXFrameworksBuildPhase section */

/* Begin PBXGroup section */
		DC0427971B2EF073008F3DDE /* Products */ = {
			isa = PBXGroup;
			children = (
				DC04279C1B2EF073008F3DDE /* libSEBLEInterface.a */,
				DC04279E1B2EF073008F3DDE /* SEBLEInterfaceTests.xctest */,
			);
			name = Products;
			sourceTree = "<group>";
		};
		DC1A1ADD1B2910DC00AEC10B /* Products */ = {
			isa = PBXGroup;
			children = (
				DC1A1AE21B2910DD00AEC10B /* libMapbox.a */,
				DC1A1AE41B2910DD00AEC10B /* Mapbox.bundle */,
			);
			name = Products;
			sourceTree = "<group>";
		};
		DCD82FCC1B1FCBBC00B38910 = {
			isa = PBXGroup;
			children = (
				DC0427961B2EF073008F3DDE /* SEBLEInterface.xcodeproj */,
				DC1A1ADC1B2910DC00AEC10B /* MapView.xcodeproj */,
				DC43C7161B27E5F900CEA7CF /* libz.dylib */,
				DC43C7141B27E5E100CEA7CF /* libsqlite3.dylib */,
				DCD554401B27D65E0035B78C /* CoreLocation.framework */,
				DCD554421B27D6650035B78C /* QuartzCore.framework */,
				DCD82FD71B1FCBBC00B38910 /* Skylock */,
				DCD82FF41B1FCBBC00B38910 /* SkylockTests */,
				DCD82FD61B1FCBBC00B38910 /* Products */,
			);
			sourceTree = "<group>";
		};
		DCD82FD61B1FCBBC00B38910 /* Products */ = {
			isa = PBXGroup;
			children = (
				DCD82FD51B1FCBBC00B38910 /* Skylock.app */,
				DCD82FF11B1FCBBC00B38910 /* SkylockTests.xctest */,
			);
			name = Products;
			sourceTree = "<group>";
		};
		DCD82FD71B1FCBBC00B38910 /* Skylock */ = {
			isa = PBXGroup;
			children = (
				DCF944FF1B29CC2E00136E39 /* SLRestManager.h */,
				DCF945001B29CC2E00136E39 /* SLRestManager.m */,
				DC43C71B1B27E6E200CEA7CF /* SLSlideViewController.h */,
				DC43C71C1B27E6E200CEA7CF /* SLSlideViewController.m */,
				DCD82FDC1B1FCBBC00B38910 /* AppDelegate.h */,
				DCD82FDD1B1FCBBC00B38910 /* AppDelegate.m */,
				DCD82FE21B1FCBBC00B38910 /* ViewController.h */,
				DCD82FE31B1FCBBC00B38910 /* ViewController.m */,
				DCD82FE51B1FCBBC00B38910 /* Main.storyboard */,
				DCD82FE81B1FCBBC00B38910 /* Images.xcassets */,
				DCD82FEA1B1FCBBC00B38910 /* LaunchScreen.xib */,
				DCD82FDF1B1FCBBC00B38910 /* Skylock.xcdatamodeld */,
				DCD82FD81B1FCBBC00B38910 /* Supporting Files */,
				DC43C71E1B2894B500CEA7CF /* SLLocationManager.h */,
				DC43C71F1B2894B500CEA7CF /* SLLocationManager.m */,
			);
			path = Skylock;
			sourceTree = "<group>";
		};
		DCD82FD81B1FCBBC00B38910 /* Supporting Files */ = {
			isa = PBXGroup;
			children = (
				DCD82FD91B1FCBBC00B38910 /* Info.plist */,
				DCD82FDA1B1FCBBC00B38910 /* main.m */,
			);
			name = "Supporting Files";
			sourceTree = "<group>";
		};
		DCD82FF41B1FCBBC00B38910 /* SkylockTests */ = {
			isa = PBXGroup;
			children = (
				DCD82FF71B1FCBBC00B38910 /* SkylockTests.m */,
				DCD82FF51B1FCBBC00B38910 /* Supporting Files */,
			);
			path = SkylockTests;
			sourceTree = "<group>";
		};
		DCD82FF51B1FCBBC00B38910 /* Supporting Files */ = {
			isa = PBXGroup;
			children = (
				DCD82FF61B1FCBBC00B38910 /* Info.plist */,
			);
			name = "Supporting Files";
			sourceTree = "<group>";
		};
/* End PBXGroup section */

/* Begin PBXNativeTarget section */
		DCD82FD41B1FCBBC00B38910 /* Skylock */ = {
			isa = PBXNativeTarget;
			buildConfigurationList = DCD82FFB1B1FCBBC00B38910 /* Build configuration list for PBXNativeTarget "Skylock" */;
			buildPhases = (
				DCD82FD11B1FCBBC00B38910 /* Sources */,
				DCD82FD21B1FCBBC00B38910 /* Frameworks */,
				DCD82FD31B1FCBBC00B38910 /* Resources */,
			);
			buildRules = (
			);
			dependencies = (
				DCE283251B2EFA2300864527 /* PBXTargetDependency */,
			);
			name = Skylock;
			productName = Skylock;
			productReference = DCD82FD51B1FCBBC00B38910 /* Skylock.app */;
			productType = "com.apple.product-type.application";
		};
		DCD82FF01B1FCBBC00B38910 /* SkylockTests */ = {
			isa = PBXNativeTarget;
			buildConfigurationList = DCD82FFE1B1FCBBC00B38910 /* Build configuration list for PBXNativeTarget "SkylockTests" */;
			buildPhases = (
				DCD82FED1B1FCBBC00B38910 /* Sources */,
				DCD82FEE1B1FCBBC00B38910 /* Frameworks */,
				DCD82FEF1B1FCBBC00B38910 /* Resources */,
			);
			buildRules = (
			);
			dependencies = (
				DCD82FF31B1FCBBC00B38910 /* PBXTargetDependency */,
			);
			name = SkylockTests;
			productName = SkylockTests;
			productReference = DCD82FF11B1FCBBC00B38910 /* SkylockTests.xctest */;
			productType = "com.apple.product-type.bundle.unit-test";
		};
/* End PBXNativeTarget section */

/* Begin PBXProject section */
		DCD82FCD1B1FCBBC00B38910 /* Project object */ = {
			isa = PBXProject;
			attributes = {
				LastUpgradeCheck = 0630;
				ORGANIZATIONNAME = "Andre Green";
				TargetAttributes = {
					DCD82FD41B1FCBBC00B38910 = {
						CreatedOnToolsVersion = 6.3.2;
					};
					DCD82FF01B1FCBBC00B38910 = {
						CreatedOnToolsVersion = 6.3.2;
						TestTargetID = DCD82FD41B1FCBBC00B38910;
					};
				};
			};
			buildConfigurationList = DCD82FD01B1FCBBC00B38910 /* Build configuration list for PBXProject "Skylock" */;
			compatibilityVersion = "Xcode 3.2";
			developmentRegion = English;
			hasScannedForEncodings = 0;
			knownRegions = (
				en,
				Base,
			);
			mainGroup = DCD82FCC1B1FCBBC00B38910;
			productRefGroup = DCD82FD61B1FCBBC00B38910 /* Products */;
			projectDirPath = "";
			projectReferences = (
				{
					ProductGroup = DC1A1ADD1B2910DC00AEC10B /* Products */;
					ProjectRef = DC1A1ADC1B2910DC00AEC10B /* MapView.xcodeproj */;
				},
				{
					ProductGroup = DC0427971B2EF073008F3DDE /* Products */;
					ProjectRef = DC0427961B2EF073008F3DDE /* SEBLEInterface.xcodeproj */;
				},
			);
			projectRoot = "";
			targets = (
				DCD82FD41B1FCBBC00B38910 /* Skylock */,
				DCD82FF01B1FCBBC00B38910 /* SkylockTests */,
			);
		};
/* End PBXProject section */

/* Begin PBXReferenceProxy section */
		DC04279C1B2EF073008F3DDE /* libSEBLEInterface.a */ = {
			isa = PBXReferenceProxy;
			fileType = archive.ar;
			path = libSEBLEInterface.a;
			remoteRef = DC04279B1B2EF073008F3DDE /* PBXContainerItemProxy */;
			sourceTree = BUILT_PRODUCTS_DIR;
		};
		DC04279E1B2EF073008F3DDE /* SEBLEInterfaceTests.xctest */ = {
			isa = PBXReferenceProxy;
			fileType = wrapper.cfbundle;
			path = SEBLEInterfaceTests.xctest;
			remoteRef = DC04279D1B2EF073008F3DDE /* PBXContainerItemProxy */;
			sourceTree = BUILT_PRODUCTS_DIR;
		};
		DC1A1AE21B2910DD00AEC10B /* libMapbox.a */ = {
			isa = PBXReferenceProxy;
			fileType = archive.ar;
			path = libMapbox.a;
			remoteRef = DC1A1AE11B2910DD00AEC10B /* PBXContainerItemProxy */;
			sourceTree = BUILT_PRODUCTS_DIR;
		};
		DC1A1AE41B2910DD00AEC10B /* Mapbox.bundle */ = {
			isa = PBXReferenceProxy;
			fileType = wrapper.cfbundle;
			path = Mapbox.bundle;
			remoteRef = DC1A1AE31B2910DD00AEC10B /* PBXContainerItemProxy */;
			sourceTree = BUILT_PRODUCTS_DIR;
		};
/* End PBXReferenceProxy section */

/* Begin PBXResourcesBuildPhase section */
		DCD82FD31B1FCBBC00B38910 /* Resources */ = {
			isa = PBXResourcesBuildPhase;
			buildActionMask = 2147483647;
			files = (
				DC1A1AE61B291CF000AEC10B /* Mapbox.bundle in Resources */,
				DCD82FE71B1FCBBC00B38910 /* Main.storyboard in Resources */,
				DCD82FEC1B1FCBBC00B38910 /* LaunchScreen.xib in Resources */,
				DCD82FE91B1FCBBC00B38910 /* Images.xcassets in Resources */,
			);
			runOnlyForDeploymentPostprocessing = 0;
		};
		DCD82FEF1B1FCBBC00B38910 /* Resources */ = {
			isa = PBXResourcesBuildPhase;
			buildActionMask = 2147483647;
			files = (
			);
			runOnlyForDeploymentPostprocessing = 0;
		};
/* End PBXResourcesBuildPhase section */

/* Begin PBXSourcesBuildPhase section */
		DCD82FD11B1FCBBC00B38910 /* Sources */ = {
			isa = PBXSourcesBuildPhase;
			buildActionMask = 2147483647;
			files = (
				DC43C71D1B27E6E200CEA7CF /* SLSlideViewController.m in Sources */,
				DC43C7201B2894B500CEA7CF /* SLLocationManager.m in Sources */,
				DCD82FDE1B1FCBBC00B38910 /* AppDelegate.m in Sources */,
				DCD82FE11B1FCBBC00B38910 /* Skylock.xcdatamodeld in Sources */,
				DCF945011B29CC2E00136E39 /* SLRestManager.m in Sources */,
				DCD82FE41B1FCBBC00B38910 /* ViewController.m in Sources */,
				DCD82FDB1B1FCBBC00B38910 /* main.m in Sources */,
			);
			runOnlyForDeploymentPostprocessing = 0;
		};
		DCD82FED1B1FCBBC00B38910 /* Sources */ = {
			isa = PBXSourcesBuildPhase;
			buildActionMask = 2147483647;
			files = (
				DCD82FF81B1FCBBC00B38910 /* SkylockTests.m in Sources */,
			);
			runOnlyForDeploymentPostprocessing = 0;
		};
/* End PBXSourcesBuildPhase section */

/* Begin PBXTargetDependency section */
		DCD82FF31B1FCBBC00B38910 /* PBXTargetDependency */ = {
			isa = PBXTargetDependency;
			target = DCD82FD41B1FCBBC00B38910 /* Skylock */;
			targetProxy = DCD82FF21B1FCBBC00B38910 /* PBXContainerItemProxy */;
		};
		DCE283251B2EFA2300864527 /* PBXTargetDependency */ = {
			isa = PBXTargetDependency;
			name = SEBLEInterface;
			targetProxy = DCE283241B2EFA2300864527 /* PBXContainerItemProxy */;
		};
/* End PBXTargetDependency section */

/* Begin PBXVariantGroup section */
		DCD82FE51B1FCBBC00B38910 /* Main.storyboard */ = {
			isa = PBXVariantGroup;
			children = (
				DCD82FE61B1FCBBC00B38910 /* Base */,
			);
			name = Main.storyboard;
			sourceTree = "<group>";
		};
		DCD82FEA1B1FCBBC00B38910 /* LaunchScreen.xib */ = {
			isa = PBXVariantGroup;
			children = (
				DCD82FEB1B1FCBBC00B38910 /* Base */,
			);
			name = LaunchScreen.xib;
			sourceTree = "<group>";
		};
/* End PBXVariantGroup section */

/* Begin XCBuildConfiguration section */
		DCD82FF91B1FCBBC00B38910 /* Debug */ = {
			isa = XCBuildConfiguration;
			buildSettings = {
				ALWAYS_SEARCH_USER_PATHS = NO;
				CLANG_CXX_LANGUAGE_STANDARD = "gnu++0x";
				CLANG_CXX_LIBRARY = "libc++";
				CLANG_ENABLE_MODULES = YES;
				CLANG_ENABLE_OBJC_ARC = YES;
				CLANG_WARN_BOOL_CONVERSION = YES;
				CLANG_WARN_CONSTANT_CONVERSION = YES;
				CLANG_WARN_DIRECT_OBJC_ISA_USAGE = YES_ERROR;
				CLANG_WARN_EMPTY_BODY = YES;
				CLANG_WARN_ENUM_CONVERSION = YES;
				CLANG_WARN_INT_CONVERSION = YES;
				CLANG_WARN_OBJC_ROOT_CLASS = YES_ERROR;
				CLANG_WARN_UNREACHABLE_CODE = YES;
				CLANG_WARN__DUPLICATE_METHOD_MATCH = YES;
				"CODE_SIGN_IDENTITY[sdk=iphoneos*]" = "iPhone Developer";
				COPY_PHASE_STRIP = NO;
				DEBUG_INFORMATION_FORMAT = "dwarf-with-dsym";
				ENABLE_STRICT_OBJC_MSGSEND = YES;
				GCC_C_LANGUAGE_STANDARD = gnu99;
				GCC_DYNAMIC_NO_PIC = NO;
				GCC_NO_COMMON_BLOCKS = YES;
				GCC_OPTIMIZATION_LEVEL = 0;
				GCC_PREPROCESSOR_DEFINITIONS = (
					"DEBUG=1",
					"$(inherited)",
				);
				GCC_SYMBOLS_PRIVATE_EXTERN = NO;
				GCC_WARN_64_TO_32_BIT_CONVERSION = YES;
				GCC_WARN_ABOUT_RETURN_TYPE = YES_ERROR;
				GCC_WARN_UNDECLARED_SELECTOR = YES;
				GCC_WARN_UNINITIALIZED_AUTOS = YES_AGGRESSIVE;
				GCC_WARN_UNUSED_FUNCTION = YES;
				GCC_WARN_UNUSED_VARIABLE = YES;
				IPHONEOS_DEPLOYMENT_TARGET = 8.3;
				MTL_ENABLE_DEBUG_INFO = YES;
				ONLY_ACTIVE_ARCH = YES;
				SDKROOT = iphoneos;
			};
			name = Debug;
		};
		DCD82FFA1B1FCBBC00B38910 /* Release */ = {
			isa = XCBuildConfiguration;
			buildSettings = {
				ALWAYS_SEARCH_USER_PATHS = NO;
				CLANG_CXX_LANGUAGE_STANDARD = "gnu++0x";
				CLANG_CXX_LIBRARY = "libc++";
				CLANG_ENABLE_MODULES = YES;
				CLANG_ENABLE_OBJC_ARC = YES;
				CLANG_WARN_BOOL_CONVERSION = YES;
				CLANG_WARN_CONSTANT_CONVERSION = YES;
				CLANG_WARN_DIRECT_OBJC_ISA_USAGE = YES_ERROR;
				CLANG_WARN_EMPTY_BODY = YES;
				CLANG_WARN_ENUM_CONVERSION = YES;
				CLANG_WARN_INT_CONVERSION = YES;
				CLANG_WARN_OBJC_ROOT_CLASS = YES_ERROR;
				CLANG_WARN_UNREACHABLE_CODE = YES;
				CLANG_WARN__DUPLICATE_METHOD_MATCH = YES;
				"CODE_SIGN_IDENTITY[sdk=iphoneos*]" = "iPhone Developer";
				COPY_PHASE_STRIP = NO;
				DEBUG_INFORMATION_FORMAT = "dwarf-with-dsym";
				ENABLE_NS_ASSERTIONS = NO;
				ENABLE_STRICT_OBJC_MSGSEND = YES;
				GCC_C_LANGUAGE_STANDARD = gnu99;
				GCC_NO_COMMON_BLOCKS = YES;
				GCC_WARN_64_TO_32_BIT_CONVERSION = YES;
				GCC_WARN_ABOUT_RETURN_TYPE = YES_ERROR;
				GCC_WARN_UNDECLARED_SELECTOR = YES;
				GCC_WARN_UNINITIALIZED_AUTOS = YES_AGGRESSIVE;
				GCC_WARN_UNUSED_FUNCTION = YES;
				GCC_WARN_UNUSED_VARIABLE = YES;
				IPHONEOS_DEPLOYMENT_TARGET = 8.3;
				MTL_ENABLE_DEBUG_INFO = NO;
				SDKROOT = iphoneos;
				VALIDATE_PRODUCT = YES;
			};
			name = Release;
		};
		DCD82FFC1B1FCBBC00B38910 /* Debug */ = {
			isa = XCBuildConfiguration;
			buildSettings = {
				ASSETCATALOG_COMPILER_APPICON_NAME = AppIcon;
				HEADER_SEARCH_PATHS = (
					"$(inherited)",
					/Applications/Xcode.app/Contents/Developer/Toolchains/XcodeDefault.xctoolchain/usr/include,
					"\"$(SRCROOT)/mapbox-ios-sdk\"/**",
				);
				INFOPLIST_FILE = Skylock/Info.plist;
				LD_RUNPATH_SEARCH_PATHS = "$(inherited) @executable_path/Frameworks";
				OTHER_LDFLAGS = "-ObjC";
				"OTHER_LDFLAGS[arch=*]" = "";
				PRODUCT_NAME = "$(TARGET_NAME)";
			};
			name = Debug;
		};
		DCD82FFD1B1FCBBC00B38910 /* Release */ = {
			isa = XCBuildConfiguration;
			buildSettings = {
				ASSETCATALOG_COMPILER_APPICON_NAME = AppIcon;
				HEADER_SEARCH_PATHS = (
					"$(inherited)",
					/Applications/Xcode.app/Contents/Developer/Toolchains/XcodeDefault.xctoolchain/usr/include,
					"\"$(SRCROOT)/mapbox-ios-sdk\"/**",
				);
				INFOPLIST_FILE = Skylock/Info.plist;
				LD_RUNPATH_SEARCH_PATHS = "$(inherited) @executable_path/Frameworks";
				OTHER_LDFLAGS = "-ObjC";
				PRODUCT_NAME = "$(TARGET_NAME)";
			};
			name = Release;
		};
		DCD82FFF1B1FCBBC00B38910 /* Debug */ = {
			isa = XCBuildConfiguration;
			buildSettings = {
				BUNDLE_LOADER = "$(TEST_HOST)";
				FRAMEWORK_SEARCH_PATHS = (
					"$(SDKROOT)/Developer/Library/Frameworks",
					"$(inherited)",
				);
				GCC_PREPROCESSOR_DEFINITIONS = (
					"DEBUG=1",
					"$(inherited)",
				);
				INFOPLIST_FILE = SkylockTests/Info.plist;
				LD_RUNPATH_SEARCH_PATHS = "$(inherited) @executable_path/Frameworks @loader_path/Frameworks";
				PRODUCT_NAME = "$(TARGET_NAME)";
				TEST_HOST = "$(BUILT_PRODUCTS_DIR)/Skylock.app/Skylock";
			};
			name = Debug;
		};
		DCD830001B1FCBBC00B38910 /* Release */ = {
			isa = XCBuildConfiguration;
			buildSettings = {
				BUNDLE_LOADER = "$(TEST_HOST)";
				FRAMEWORK_SEARCH_PATHS = (
					"$(SDKROOT)/Developer/Library/Frameworks",
					"$(inherited)",
				);
				INFOPLIST_FILE = SkylockTests/Info.plist;
				LD_RUNPATH_SEARCH_PATHS = "$(inherited) @executable_path/Frameworks @loader_path/Frameworks";
				PRODUCT_NAME = "$(TARGET_NAME)";
				TEST_HOST = "$(BUILT_PRODUCTS_DIR)/Skylock.app/Skylock";
			};
			name = Release;
		};
/* End XCBuildConfiguration section */

/* Begin XCConfigurationList section */
		DCD82FD01B1FCBBC00B38910 /* Build configuration list for PBXProject "Skylock" */ = {
			isa = XCConfigurationList;
			buildConfigurations = (
				DCD82FF91B1FCBBC00B38910 /* Debug */,
				DCD82FFA1B1FCBBC00B38910 /* Release */,
			);
			defaultConfigurationIsVisible = 0;
			defaultConfigurationName = Release;
		};
		DCD82FFB1B1FCBBC00B38910 /* Build configuration list for PBXNativeTarget "Skylock" */ = {
			isa = XCConfigurationList;
			buildConfigurations = (
				DCD82FFC1B1FCBBC00B38910 /* Debug */,
				DCD82FFD1B1FCBBC00B38910 /* Release */,
			);
			defaultConfigurationIsVisible = 0;
			defaultConfigurationName = Release;
		};
		DCD82FFE1B1FCBBC00B38910 /* Build configuration list for PBXNativeTarget "SkylockTests" */ = {
			isa = XCConfigurationList;
			buildConfigurations = (
				DCD82FFF1B1FCBBC00B38910 /* Debug */,
				DCD830001B1FCBBC00B38910 /* Release */,
			);
			defaultConfigurationIsVisible = 0;
			defaultConfigurationName = Release;
		};
/* End XCConfigurationList section */

/* Begin XCVersionGroup section */
		DCD82FDF1B1FCBBC00B38910 /* Skylock.xcdatamodeld */ = {
			isa = XCVersionGroup;
			children = (
				DCD82FE01B1FCBBC00B38910 /* Skylock.xcdatamodel */,
			);
			currentVersion = DCD82FE01B1FCBBC00B38910 /* Skylock.xcdatamodel */;
			path = Skylock.xcdatamodeld;
			sourceTree = "<group>";
			versionGroupType = wrapper.xcdatamodel;
		};
/* End XCVersionGroup section */
	};
	rootObject = DCD82FCD1B1FCBBC00B38910 /* Project object */;
}
