PODS:
  - MapboxGL (0.5.1)
  - SwiftyJSON (2.2.1)

DEPENDENCIES:
  - MapboxGL
  - SwiftyJSON (from `https://github.com/SwiftyJSON/SwiftyJSON.git`)

EXTERNAL SOURCES:
  SwiftyJSON:
    :git: https://github.com/SwiftyJSON/SwiftyJSON.git

CHECKOUT OPTIONS:
  SwiftyJSON:
    :commit: 50583adf21de1f84a4a06f6dff1b2bb09fe0b03b
    :git: https://github.com/SwiftyJSON/SwiftyJSON.git

SPEC CHECKSUMS:
  MapboxGL: 4198dd3100fa012d3df5fc26ad13b69f6834473c
  SwiftyJSON: ae2d0a3d68025d136602a33c4ee215091ced3e33

COCOAPODS: 0.38.0
